// !$*UTF8*$!
{
	archiveVersion = 1;
	classes = {
	};
	objectVersion = 56;
	objects = {

/* Begin PBXBuildFile section */
		D321C5912BCE9146003F65BC /* parser.swift in Sources */ = {isa = PBXBuildFile; fileRef = D321C5902BCE9146003F65BC /* parser.swift */; };
		D3264B222BC4414F00C9E001 /* main.swift in Sources */ = {isa = PBXBuildFile; fileRef = D3264B212BC4414F00C9E001 /* main.swift */; };
		D32DBC302B9F4D6D00649C95 /* main.swift in Sources */ = {isa = PBXBuildFile; fileRef = D32DBC2F2B9F4D6D00649C95 /* main.swift */; };
		D32DBC352B9F5D6B00649C95 /* fragment.swift in Sources */ = {isa = PBXBuildFile; fileRef = D32DBC342B9F5D6B00649C95 /* fragment.swift */; };
		D32DBC372B9F5D8400649C95 /* position.swift in Sources */ = {isa = PBXBuildFile; fileRef = D32DBC362B9F5D8400649C95 /* position.swift */; };
		D32DBC392B9F5D8F00649C95 /* token.swift in Sources */ = {isa = PBXBuildFile; fileRef = D32DBC382B9F5D8F00649C95 /* token.swift */; };
		D32DBC3B2B9F5D9A00649C95 /* domain-tag.swift in Sources */ = {isa = PBXBuildFile; fileRef = D32DBC3A2B9F5D9A00649C95 /* domain-tag.swift */; };
		D32DBC3D2B9F5DA500649C95 /* scanner.swift in Sources */ = {isa = PBXBuildFile; fileRef = D32DBC3C2B9F5DA500649C95 /* scanner.swift */; };
		D32DBC3F2B9F5DB000649C95 /* compiler.swift in Sources */ = {isa = PBXBuildFile; fileRef = D32DBC3E2B9F5DB000649C95 /* compiler.swift */; };
		D32DBC412B9F5DBC00649C95 /* extensions.swift in Sources */ = {isa = PBXBuildFile; fileRef = D32DBC402B9F5DBC00649C95 /* extensions.swift */; };
		D32DBC462B9F5F3500649C95 /* fsm.swift in Sources */ = {isa = PBXBuildFile; fileRef = D32DBC452B9F5F3500649C95 /* fsm.swift */; };
		D32DBC482B9F5F5300649C95 /* fsm-state.swift in Sources */ = {isa = PBXBuildFile; fileRef = D32DBC472B9F5F5300649C95 /* fsm-state.swift */; };
		D32DBC4A2B9F61B100649C95 /* fsm-transition.swift in Sources */ = {isa = PBXBuildFile; fileRef = D32DBC492B9F61B100649C95 /* fsm-transition.swift */; };
		D33E1C1A2B96177F0054A741 /* main.swift in Sources */ = {isa = PBXBuildFile; fileRef = D33E1C192B96177F0054A741 /* main.swift */; };
		D33E1C202B961B240054A741 /* fragment.swift in Sources */ = {isa = PBXBuildFile; fileRef = D33E1C1F2B961B240054A741 /* fragment.swift */; };
		D33E1C222B961B380054A741 /* position.swift in Sources */ = {isa = PBXBuildFile; fileRef = D33E1C212B961B380054A741 /* position.swift */; };
		D33E1C262B961C410054A741 /* token.swift in Sources */ = {isa = PBXBuildFile; fileRef = D33E1C252B961C410054A741 /* token.swift */; };
		D33E1C2A2B961C770054A741 /* domain-tag.swift in Sources */ = {isa = PBXBuildFile; fileRef = D33E1C292B961C770054A741 /* domain-tag.swift */; };
		D33E1C2E2B961CF10054A741 /* scanner.swift in Sources */ = {isa = PBXBuildFile; fileRef = D33E1C2D2B961CF10054A741 /* scanner.swift */; };
		D33E1C302B961D570054A741 /* compiler.swift in Sources */ = {isa = PBXBuildFile; fileRef = D33E1C2F2B961D570054A741 /* compiler.swift */; };
		D33E1C362B9871E70054A741 /* extensions.swift in Sources */ = {isa = PBXBuildFile; fileRef = D33E1C352B9871E70054A741 /* extensions.swift */; };
		D345F8812B8CDB42004CC315 /* main.swift in Sources */ = {isa = PBXBuildFile; fileRef = D345F8802B8CDB42004CC315 /* main.swift */; };
		D353181A2BDED00B00C13C46 /* main.swift in Sources */ = {isa = PBXBuildFile; fileRef = D35318192BDED00B00C13C46 /* main.swift */; };
		D35318222BDFAA8200C13C46 /* domain-tag.swift in Sources */ = {isa = PBXBuildFile; fileRef = D35318212BDFAA8200C13C46 /* domain-tag.swift */; };
		D35318242BDFBF4500C13C46 /* token.swift in Sources */ = {isa = PBXBuildFile; fileRef = D35318232BDFBF4500C13C46 /* token.swift */; };
		D35318262BDFBF5800C13C46 /* position.swift in Sources */ = {isa = PBXBuildFile; fileRef = D35318252BDFBF5800C13C46 /* position.swift */; };
		D35318282BDFBF6500C13C46 /* fragment.swift in Sources */ = {isa = PBXBuildFile; fileRef = D35318272BDFBF6500C13C46 /* fragment.swift */; };
		D353182A2BDFBFA400C13C46 /* scanner.swift in Sources */ = {isa = PBXBuildFile; fileRef = D35318292BDFBFA400C13C46 /* scanner.swift */; };
		D353182C2BDFBFAB00C13C46 /* compiler.swift in Sources */ = {isa = PBXBuildFile; fileRef = D353182B2BDFBFAB00C13C46 /* compiler.swift */; };
		D353182F2BDFC03B00C13C46 /* extensions.swift in Sources */ = {isa = PBXBuildFile; fileRef = D353182E2BDFC03B00C13C46 /* extensions.swift */; };
		D35318322BE0FCF200C13C46 /* parser.swift in Sources */ = {isa = PBXBuildFile; fileRef = D35318312BE0FCF200C13C46 /* parser.swift */; };
		D35318382BE0FE0400C13C46 /* term.swift in Sources */ = {isa = PBXBuildFile; fileRef = D35318372BE0FE0400C13C46 /* term.swift */; };
		D39E97732BC9636400FEADB2 /* fragment.swift in Sources */ = {isa = PBXBuildFile; fileRef = D39E97722BC9636400FEADB2 /* fragment.swift */; };
		D39E97752BC9637B00FEADB2 /* position.swift in Sources */ = {isa = PBXBuildFile; fileRef = D39E97742BC9637B00FEADB2 /* position.swift */; };
		D39E97772BC964B400FEADB2 /* grammar-elem.swift in Sources */ = {isa = PBXBuildFile; fileRef = D39E97762BC964B400FEADB2 /* grammar-elem.swift */; };
		D39E97792BCAC34900FEADB2 /* non-term.swift in Sources */ = {isa = PBXBuildFile; fileRef = D39E97782BCAC34900FEADB2 /* non-term.swift */; };
		D39E977B2BCAC36F00FEADB2 /* term.swift in Sources */ = {isa = PBXBuildFile; fileRef = D39E977A2BCAC36F00FEADB2 /* term.swift */; };
		D39E977D2BCAC4FA00FEADB2 /* predict-table.swift in Sources */ = {isa = PBXBuildFile; fileRef = D39E977C2BCAC4FA00FEADB2 /* predict-table.swift */; };
		D3AEB0F72BC8638300AC8A71 /* domain-tag.swift in Sources */ = {isa = PBXBuildFile; fileRef = D3AEB0F62BC8638300AC8A71 /* domain-tag.swift */; };
		D3AEB0F92BC8650F00AC8A71 /* token.swift in Sources */ = {isa = PBXBuildFile; fileRef = D3AEB0F82BC8650F00AC8A71 /* token.swift */; };
		D3AEB0FB2BC8659300AC8A71 /* scanner.swift in Sources */ = {isa = PBXBuildFile; fileRef = D3AEB0FA2BC8659300AC8A71 /* scanner.swift */; };
		D3AEB0FD2BC865AF00AC8A71 /* extensions.swift in Sources */ = {isa = PBXBuildFile; fileRef = D3AEB0FC2BC865AF00AC8A71 /* extensions.swift */; };
		D3AEB0FF2BC8660000AC8A71 /* compiler.swift in Sources */ = {isa = PBXBuildFile; fileRef = D3AEB0FE2BC8660000AC8A71 /* compiler.swift */; };
		D3CF699D2BDE4DA500531887 /* TreePrinter in Frameworks */ = {isa = PBXBuildFile; productRef = D3CF699C2BDE4DA500531887 /* TreePrinter */; };
		D3DA1BC12BD97EF90044B620 /* unique-queue.swift in Sources */ = {isa = PBXBuildFile; fileRef = D3DA1BC02BD97EF90044B620 /* unique-queue.swift */; };
		D3DA1BC32BDABA220044B620 /* stack.swift in Sources */ = {isa = PBXBuildFile; fileRef = D3DA1BC22BDABA220044B620 /* stack.swift */; };
		D3DA1BC52BDABEDE0044B620 /* digraph.swift in Sources */ = {isa = PBXBuildFile; fileRef = D3DA1BC42BDABEDE0044B620 /* digraph.swift */; };
/* End PBXBuildFile section */

/* Begin PBXCopyFilesBuildPhase section */
		D3264B1D2BC4414F00C9E001 /* CopyFiles */ = {
			isa = PBXCopyFilesBuildPhase;
			buildActionMask = 2147483647;
			dstPath = /usr/share/man/man1/;
			dstSubfolderSpec = 0;
			files = (
			);
			runOnlyForDeploymentPostprocessing = 1;
		};
		D32DBC2B2B9F4D6D00649C95 /* CopyFiles */ = {
			isa = PBXCopyFilesBuildPhase;
			buildActionMask = 2147483647;
			dstPath = /usr/share/man/man1/;
			dstSubfolderSpec = 0;
			files = (
			);
			runOnlyForDeploymentPostprocessing = 1;
		};
		D33E1C152B96177F0054A741 /* CopyFiles */ = {
			isa = PBXCopyFilesBuildPhase;
			buildActionMask = 2147483647;
			dstPath = /usr/share/man/man1/;
			dstSubfolderSpec = 0;
			files = (
			);
			runOnlyForDeploymentPostprocessing = 1;
		};
		D345F87C2B8CDB42004CC315 /* CopyFiles */ = {
			isa = PBXCopyFilesBuildPhase;
			buildActionMask = 2147483647;
			dstPath = /usr/share/man/man1/;
			dstSubfolderSpec = 0;
			files = (
			);
			runOnlyForDeploymentPostprocessing = 1;
		};
		D35318152BDED00B00C13C46 /* CopyFiles */ = {
			isa = PBXCopyFilesBuildPhase;
			buildActionMask = 2147483647;
			dstPath = /usr/share/man/man1/;
			dstSubfolderSpec = 0;
			files = (
			);
			runOnlyForDeploymentPostprocessing = 1;
		};
/* End PBXCopyFilesBuildPhase section */

/* Begin PBXFileReference section */
		D321C5902BCE9146003F65BC /* parser.swift */ = {isa = PBXFileReference; lastKnownFileType = sourcecode.swift; path = parser.swift; sourceTree = "<group>"; };
		D3264B212BC4414F00C9E001 /* main.swift */ = {isa = PBXFileReference; lastKnownFileType = sourcecode.swift; path = main.swift; sourceTree = "<group>"; };
		D32DBC2F2B9F4D6D00649C95 /* main.swift */ = {isa = PBXFileReference; lastKnownFileType = sourcecode.swift; path = main.swift; sourceTree = "<group>"; };
		D32DBC342B9F5D6B00649C95 /* fragment.swift */ = {isa = PBXFileReference; lastKnownFileType = sourcecode.swift; path = fragment.swift; sourceTree = "<group>"; };
		D32DBC362B9F5D8400649C95 /* position.swift */ = {isa = PBXFileReference; lastKnownFileType = sourcecode.swift; path = position.swift; sourceTree = "<group>"; };
		D32DBC382B9F5D8F00649C95 /* token.swift */ = {isa = PBXFileReference; lastKnownFileType = sourcecode.swift; path = token.swift; sourceTree = "<group>"; };
		D32DBC3A2B9F5D9A00649C95 /* domain-tag.swift */ = {isa = PBXFileReference; lastKnownFileType = sourcecode.swift; path = "domain-tag.swift"; sourceTree = "<group>"; };
		D32DBC3C2B9F5DA500649C95 /* scanner.swift */ = {isa = PBXFileReference; lastKnownFileType = sourcecode.swift; path = scanner.swift; sourceTree = "<group>"; };
		D32DBC3E2B9F5DB000649C95 /* compiler.swift */ = {isa = PBXFileReference; lastKnownFileType = sourcecode.swift; path = compiler.swift; sourceTree = "<group>"; };
		D32DBC402B9F5DBC00649C95 /* extensions.swift */ = {isa = PBXFileReference; lastKnownFileType = sourcecode.swift; path = extensions.swift; sourceTree = "<group>"; };
		D32DBC422B9F5DD300649C95 /* input.txt */ = {isa = PBXFileReference; lastKnownFileType = text; path = input.txt; sourceTree = "<group>"; };
		D32DBC452B9F5F3500649C95 /* fsm.swift */ = {isa = PBXFileReference; lastKnownFileType = sourcecode.swift; path = fsm.swift; sourceTree = "<group>"; };
		D32DBC472B9F5F5300649C95 /* fsm-state.swift */ = {isa = PBXFileReference; lastKnownFileType = sourcecode.swift; path = "fsm-state.swift"; sourceTree = "<group>"; };
		D32DBC492B9F61B100649C95 /* fsm-transition.swift */ = {isa = PBXFileReference; lastKnownFileType = sourcecode.swift; path = "fsm-transition.swift"; sourceTree = "<group>"; };
		D33E1C192B96177F0054A741 /* main.swift */ = {isa = PBXFileReference; lastKnownFileType = sourcecode.swift; path = main.swift; sourceTree = "<group>"; };
		D33E1C1E2B96178E0054A741 /* input.txt */ = {isa = PBXFileReference; lastKnownFileType = text; path = input.txt; sourceTree = "<group>"; };
		D33E1C1F2B961B240054A741 /* fragment.swift */ = {isa = PBXFileReference; lastKnownFileType = sourcecode.swift; path = fragment.swift; sourceTree = "<group>"; };
		D33E1C212B961B380054A741 /* position.swift */ = {isa = PBXFileReference; lastKnownFileType = sourcecode.swift; path = position.swift; sourceTree = "<group>"; };
		D33E1C252B961C410054A741 /* token.swift */ = {isa = PBXFileReference; lastKnownFileType = sourcecode.swift; path = token.swift; sourceTree = "<group>"; };
		D33E1C292B961C770054A741 /* domain-tag.swift */ = {isa = PBXFileReference; lastKnownFileType = sourcecode.swift; path = "domain-tag.swift"; sourceTree = "<group>"; };
		D33E1C2D2B961CF10054A741 /* scanner.swift */ = {isa = PBXFileReference; lastKnownFileType = sourcecode.swift; path = scanner.swift; sourceTree = "<group>"; };
		D33E1C2F2B961D570054A741 /* compiler.swift */ = {isa = PBXFileReference; lastKnownFileType = sourcecode.swift; path = compiler.swift; sourceTree = "<group>"; };
		D33E1C352B9871E70054A741 /* extensions.swift */ = {isa = PBXFileReference; lastKnownFileType = sourcecode.swift; path = extensions.swift; sourceTree = "<group>"; };
		D345F8802B8CDB42004CC315 /* main.swift */ = {isa = PBXFileReference; lastKnownFileType = sourcecode.swift; path = main.swift; sourceTree = "<group>"; };
		D345F8852B8CDCC2004CC315 /* input.txt */ = {isa = PBXFileReference; lastKnownFileType = text; path = input.txt; sourceTree = "<group>"; };
		D353180F2BDECFEB00C13C46 /* lab1-2 */ = {isa = PBXFileReference; explicitFileType = "compiled.mach-o.executable"; includeInIndex = 0; name = "lab1-2"; path = "/Users/vsevolond/UNIVERSITY/Compilers_Labs/compilers_swift/build/Debug/lab1-2"; sourceTree = "<absolute>"; };
		D35318102BDECFEB00C13C46 /* lab1-3 */ = {isa = PBXFileReference; explicitFileType = "compiled.mach-o.executable"; includeInIndex = 0; name = "lab1-3"; path = "/Users/vsevolond/UNIVERSITY/Compilers_Labs/compilers_swift/build/Debug/lab1-3"; sourceTree = "<absolute>"; };
		D35318112BDECFEB00C13C46 /* lab1-4 */ = {isa = PBXFileReference; explicitFileType = "compiled.mach-o.executable"; includeInIndex = 0; name = "lab1-4"; path = "/Users/vsevolond/UNIVERSITY/Compilers_Labs/compilers_swift/build/Debug/lab1-4"; sourceTree = "<absolute>"; };
		D35318122BDECFEB00C13C46 /* lab2-3 */ = {isa = PBXFileReference; explicitFileType = "compiled.mach-o.executable"; includeInIndex = 0; name = "lab2-3"; path = "/Users/vsevolond/UNIVERSITY/Compilers_Labs/compilers_swift/build/Debug/lab2-3"; sourceTree = "<absolute>"; };
		D35318172BDED00B00C13C46 /* lab2-4 */ = {isa = PBXFileReference; explicitFileType = "compiled.mach-o.executable"; includeInIndex = 0; name = "lab2-4"; path = "/Users/vsevolond/UNIVERSITY/Compilers_Labs/compilers_swift/build/Debug/lab2-4"; sourceTree = "<absolute>"; };
		D35318192BDED00B00C13C46 /* main.swift */ = {isa = PBXFileReference; lastKnownFileType = sourcecode.swift; path = main.swift; sourceTree = "<group>"; };
		D353181E2BDEEF0400C13C46 /* grammar */ = {isa = PBXFileReference; lastKnownFileType = text; path = grammar; sourceTree = "<group>"; };
		D353181F2BDFA8A900C13C46 /* input.txt */ = {isa = PBXFileReference; lastKnownFileType = text; path = input.txt; sourceTree = "<group>"; };
		D35318212BDFAA8200C13C46 /* domain-tag.swift */ = {isa = PBXFileReference; lastKnownFileType = sourcecode.swift; path = "domain-tag.swift"; sourceTree = "<group>"; };
		D35318232BDFBF4500C13C46 /* token.swift */ = {isa = PBXFileReference; lastKnownFileType = sourcecode.swift; path = token.swift; sourceTree = "<group>"; };
		D35318252BDFBF5800C13C46 /* position.swift */ = {isa = PBXFileReference; lastKnownFileType = sourcecode.swift; path = position.swift; sourceTree = "<group>"; };
		D35318272BDFBF6500C13C46 /* fragment.swift */ = {isa = PBXFileReference; lastKnownFileType = sourcecode.swift; path = fragment.swift; sourceTree = "<group>"; };
		D35318292BDFBFA400C13C46 /* scanner.swift */ = {isa = PBXFileReference; lastKnownFileType = sourcecode.swift; path = scanner.swift; sourceTree = "<group>"; };
		D353182B2BDFBFAB00C13C46 /* compiler.swift */ = {isa = PBXFileReference; lastKnownFileType = sourcecode.swift; path = compiler.swift; sourceTree = "<group>"; };
		D353182E2BDFC03B00C13C46 /* extensions.swift */ = {isa = PBXFileReference; lastKnownFileType = sourcecode.swift; path = extensions.swift; sourceTree = "<group>"; };
		D35318312BE0FCF200C13C46 /* parser.swift */ = {isa = PBXFileReference; lastKnownFileType = sourcecode.swift; path = parser.swift; sourceTree = "<group>"; };
		D35318372BE0FE0400C13C46 /* term.swift */ = {isa = PBXFileReference; lastKnownFileType = sourcecode.swift; path = term.swift; sourceTree = "<group>"; };
		D39E97702BC9537600FEADB2 /* grammar */ = {isa = PBXFileReference; lastKnownFileType = text; path = grammar; sourceTree = "<group>"; };
		D39E97722BC9636400FEADB2 /* fragment.swift */ = {isa = PBXFileReference; lastKnownFileType = sourcecode.swift; path = fragment.swift; sourceTree = "<group>"; };
		D39E97742BC9637B00FEADB2 /* position.swift */ = {isa = PBXFileReference; lastKnownFileType = sourcecode.swift; path = position.swift; sourceTree = "<group>"; };
		D39E97762BC964B400FEADB2 /* grammar-elem.swift */ = {isa = PBXFileReference; lastKnownFileType = sourcecode.swift; path = "grammar-elem.swift"; sourceTree = "<group>"; };
		D39E97782BCAC34900FEADB2 /* non-term.swift */ = {isa = PBXFileReference; lastKnownFileType = sourcecode.swift; path = "non-term.swift"; sourceTree = "<group>"; };
		D39E977A2BCAC36F00FEADB2 /* term.swift */ = {isa = PBXFileReference; lastKnownFileType = sourcecode.swift; path = term.swift; sourceTree = "<group>"; };
		D39E977C2BCAC4FA00FEADB2 /* predict-table.swift */ = {isa = PBXFileReference; lastKnownFileType = sourcecode.swift; path = "predict-table.swift"; sourceTree = "<group>"; };
		D3AEB0F62BC8638300AC8A71 /* domain-tag.swift */ = {isa = PBXFileReference; lastKnownFileType = sourcecode.swift; path = "domain-tag.swift"; sourceTree = "<group>"; };
		D3AEB0F82BC8650F00AC8A71 /* token.swift */ = {isa = PBXFileReference; lastKnownFileType = sourcecode.swift; path = token.swift; sourceTree = "<group>"; };
		D3AEB0FA2BC8659300AC8A71 /* scanner.swift */ = {isa = PBXFileReference; lastKnownFileType = sourcecode.swift; path = scanner.swift; sourceTree = "<group>"; };
		D3AEB0FC2BC865AF00AC8A71 /* extensions.swift */ = {isa = PBXFileReference; lastKnownFileType = sourcecode.swift; path = extensions.swift; sourceTree = "<group>"; };
		D3AEB0FE2BC8660000AC8A71 /* compiler.swift */ = {isa = PBXFileReference; lastKnownFileType = sourcecode.swift; path = compiler.swift; sourceTree = "<group>"; };
		D3DA1BC02BD97EF90044B620 /* unique-queue.swift */ = {isa = PBXFileReference; lastKnownFileType = sourcecode.swift; path = "unique-queue.swift"; sourceTree = "<group>"; };
		D3DA1BC22BDABA220044B620 /* stack.swift */ = {isa = PBXFileReference; lastKnownFileType = sourcecode.swift; path = stack.swift; sourceTree = "<group>"; };
		D3DA1BC42BDABEDE0044B620 /* digraph.swift */ = {isa = PBXFileReference; lastKnownFileType = sourcecode.swift; path = digraph.swift; sourceTree = "<group>"; };
		D3EA443D2BC8471700F099AD /* input.txt */ = {isa = PBXFileReference; lastKnownFileType = text; path = input.txt; sourceTree = "<group>"; };
/* End PBXFileReference section */

/* Begin PBXFrameworksBuildPhase section */
		D3264B1C2BC4414F00C9E001 /* Frameworks */ = {
			isa = PBXFrameworksBuildPhase;
			buildActionMask = 2147483647;
			files = (
				D3CF699D2BDE4DA500531887 /* TreePrinter in Frameworks */,
			);
			runOnlyForDeploymentPostprocessing = 0;
		};
		D32DBC2A2B9F4D6D00649C95 /* Frameworks */ = {
			isa = PBXFrameworksBuildPhase;
			buildActionMask = 2147483647;
			files = (
			);
			runOnlyForDeploymentPostprocessing = 0;
		};
		D33E1C142B96177F0054A741 /* Frameworks */ = {
			isa = PBXFrameworksBuildPhase;
			buildActionMask = 2147483647;
			files = (
			);
			runOnlyForDeploymentPostprocessing = 0;
		};
		D345F87B2B8CDB42004CC315 /* Frameworks */ = {
			isa = PBXFrameworksBuildPhase;
			buildActionMask = 2147483647;
			files = (
			);
			runOnlyForDeploymentPostprocessing = 0;
		};
		D35318142BDED00B00C13C46 /* Frameworks */ = {
			isa = PBXFrameworksBuildPhase;
			buildActionMask = 2147483647;
			files = (
			);
			runOnlyForDeploymentPostprocessing = 0;
		};
/* End PBXFrameworksBuildPhase section */

/* Begin PBXGroup section */
		D3264B202BC4414F00C9E001 /* lab2-3 */ = {
			isa = PBXGroup;
			children = (
				D3EA443D2BC8471700F099AD /* input.txt */,
				D39E97702BC9537600FEADB2 /* grammar */,
				D3264B212BC4414F00C9E001 /* main.swift */,
				D3264B262BC5C3A500C9E001 /* src */,
			);
			path = "lab2-3";
			sourceTree = "<group>";
		};
		D3264B262BC5C3A500C9E001 /* src */ = {
			isa = PBXGroup;
			children = (
				D3AEB0FC2BC865AF00AC8A71 /* extensions.swift */,
				D3DA1BBF2BD97EE10044B620 /* custom */,
				D39E97712BC95CD200FEADB2 /* predict-analyzer */,
				D3AEB0F52BC852B100AC8A71 /* lex-analyzer */,
			);
			path = src;
			sourceTree = "<group>";
		};
		D32DBC2E2B9F4D6D00649C95 /* lab1-4 */ = {
			isa = PBXGroup;
			children = (
				D32DBC2F2B9F4D6D00649C95 /* main.swift */,
				D32DBC342B9F5D6B00649C95 /* fragment.swift */,
				D32DBC362B9F5D8400649C95 /* position.swift */,
				D32DBC382B9F5D8F00649C95 /* token.swift */,
				D32DBC3A2B9F5D9A00649C95 /* domain-tag.swift */,
				D32DBC3C2B9F5DA500649C95 /* scanner.swift */,
				D32DBC3E2B9F5DB000649C95 /* compiler.swift */,
				D32DBC402B9F5DBC00649C95 /* extensions.swift */,
				D32DBC422B9F5DD300649C95 /* input.txt */,
				D32DBC452B9F5F3500649C95 /* fsm.swift */,
				D32DBC472B9F5F5300649C95 /* fsm-state.swift */,
				D32DBC492B9F61B100649C95 /* fsm-transition.swift */,
			);
			path = "lab1-4";
			sourceTree = "<group>";
		};
		D33E1C182B96177F0054A741 /* lab1-3 */ = {
			isa = PBXGroup;
			children = (
				D33E1C192B96177F0054A741 /* main.swift */,
				D33E1C1E2B96178E0054A741 /* input.txt */,
				D33E1C1F2B961B240054A741 /* fragment.swift */,
				D33E1C212B961B380054A741 /* position.swift */,
				D33E1C252B961C410054A741 /* token.swift */,
				D33E1C292B961C770054A741 /* domain-tag.swift */,
				D33E1C2D2B961CF10054A741 /* scanner.swift */,
				D33E1C2F2B961D570054A741 /* compiler.swift */,
				D33E1C352B9871E70054A741 /* extensions.swift */,
			);
			path = "lab1-3";
			sourceTree = "<group>";
		};
		D345F87F2B8CDB42004CC315 /* lab1-2 */ = {
			isa = PBXGroup;
			children = (
				D345F8802B8CDB42004CC315 /* main.swift */,
				D345F8852B8CDCC2004CC315 /* input.txt */,
			);
			path = "lab1-2";
			sourceTree = "<group>";
		};
		D35318182BDED00B00C13C46 /* lab2-4 */ = {
			isa = PBXGroup;
			children = (
				D35318192BDED00B00C13C46 /* main.swift */,
				D353181E2BDEEF0400C13C46 /* grammar */,
				D353181F2BDFA8A900C13C46 /* input.txt */,
				D353182D2BDFBFE600C13C46 /* src */,
			);
			path = "lab2-4";
			sourceTree = "<group>";
		};
		D35318202BDFA9CD00C13C46 /* lex-analyzer */ = {
			isa = PBXGroup;
			children = (
				D35318212BDFAA8200C13C46 /* domain-tag.swift */,
				D35318232BDFBF4500C13C46 /* token.swift */,
				D35318252BDFBF5800C13C46 /* position.swift */,
				D35318272BDFBF6500C13C46 /* fragment.swift */,
				D35318292BDFBFA400C13C46 /* scanner.swift */,
				D353182B2BDFBFAB00C13C46 /* compiler.swift */,
			);
			path = "lex-analyzer";
			sourceTree = "<group>";
		};
		D353182D2BDFBFE600C13C46 /* src */ = {
			isa = PBXGroup;
			children = (
				D353182E2BDFC03B00C13C46 /* extensions.swift */,
				D35318302BE0FA3100C13C46 /* syntax-analyzer */,
				D35318202BDFA9CD00C13C46 /* lex-analyzer */,
			);
			path = src;
			sourceTree = "<group>";
		};
		D35318302BE0FA3100C13C46 /* syntax-analyzer */ = {
			isa = PBXGroup;
			children = (
				D35318312BE0FCF200C13C46 /* parser.swift */,
				D35318372BE0FE0400C13C46 /* term.swift */,
			);
			path = "syntax-analyzer";
			sourceTree = "<group>";
		};
		D39E97712BC95CD200FEADB2 /* predict-analyzer */ = {
			isa = PBXGroup;
			children = (
				D39E97762BC964B400FEADB2 /* grammar-elem.swift */,
				D39E97782BCAC34900FEADB2 /* non-term.swift */,
				D39E977A2BCAC36F00FEADB2 /* term.swift */,
				D39E977C2BCAC4FA00FEADB2 /* predict-table.swift */,
				D321C5902BCE9146003F65BC /* parser.swift */,
			);
			path = "predict-analyzer";
			sourceTree = "<group>";
		};
		D3AEB0F52BC852B100AC8A71 /* lex-analyzer */ = {
			isa = PBXGroup;
			children = (
				D3AEB0F62BC8638300AC8A71 /* domain-tag.swift */,
				D3AEB0F82BC8650F00AC8A71 /* token.swift */,
				D3AEB0FA2BC8659300AC8A71 /* scanner.swift */,
				D3AEB0FE2BC8660000AC8A71 /* compiler.swift */,
				D39E97722BC9636400FEADB2 /* fragment.swift */,
				D39E97742BC9637B00FEADB2 /* position.swift */,
			);
			path = "lex-analyzer";
			sourceTree = "<group>";
		};
		D3C3B5C22B853A900095E724 = {
			isa = PBXGroup;
			children = (
				D345F87F2B8CDB42004CC315 /* lab1-2 */,
				D33E1C182B96177F0054A741 /* lab1-3 */,
				D32DBC2E2B9F4D6D00649C95 /* lab1-4 */,
				D3264B202BC4414F00C9E001 /* lab2-3 */,
				D35318182BDED00B00C13C46 /* lab2-4 */,
				D3CF699B2BDE4DA500531887 /* Frameworks */,
			);
			sourceTree = "<group>";
		};
		D3CF699B2BDE4DA500531887 /* Frameworks */ = {
			isa = PBXGroup;
			children = (
			);
			name = Frameworks;
			sourceTree = "<group>";
		};
		D3DA1BBF2BD97EE10044B620 /* custom */ = {
			isa = PBXGroup;
			children = (
				D3DA1BC02BD97EF90044B620 /* unique-queue.swift */,
				D3DA1BC22BDABA220044B620 /* stack.swift */,
				D3DA1BC42BDABEDE0044B620 /* digraph.swift */,
			);
			path = custom;
			sourceTree = "<group>";
		};
/* End PBXGroup section */

/* Begin PBXNativeTarget section */
		D3264B1E2BC4414F00C9E001 /* lab2-3 */ = {
			isa = PBXNativeTarget;
			buildConfigurationList = D3264B252BC4414F00C9E001 /* Build configuration list for PBXNativeTarget "lab2-3" */;
			buildPhases = (
				D3264B1B2BC4414F00C9E001 /* Sources */,
				D3264B1C2BC4414F00C9E001 /* Frameworks */,
				D3264B1D2BC4414F00C9E001 /* CopyFiles */,
			);
			buildRules = (
			);
			dependencies = (
			);
			name = "lab2-3";
			packageProductDependencies = (
				D3CF699C2BDE4DA500531887 /* TreePrinter */,
			);
			productName = "lab2-3";
			productReference = D35318122BDECFEB00C13C46 /* lab2-3 */;
			productType = "com.apple.product-type.tool";
		};
		D32DBC2C2B9F4D6D00649C95 /* lab1-4 */ = {
			isa = PBXNativeTarget;
			buildConfigurationList = D32DBC332B9F4D6D00649C95 /* Build configuration list for PBXNativeTarget "lab1-4" */;
			buildPhases = (
				D32DBC292B9F4D6D00649C95 /* Sources */,
				D32DBC2A2B9F4D6D00649C95 /* Frameworks */,
				D32DBC2B2B9F4D6D00649C95 /* CopyFiles */,
			);
			buildRules = (
			);
			dependencies = (
			);
			name = "lab1-4";
			productName = "lab1-4";
			productReference = D35318112BDECFEB00C13C46 /* lab1-4 */;
			productType = "com.apple.product-type.tool";
		};
		D33E1C162B96177F0054A741 /* lab1-3 */ = {
			isa = PBXNativeTarget;
			buildConfigurationList = D33E1C1D2B96177F0054A741 /* Build configuration list for PBXNativeTarget "lab1-3" */;
			buildPhases = (
				D33E1C132B96177F0054A741 /* Sources */,
				D33E1C142B96177F0054A741 /* Frameworks */,
				D33E1C152B96177F0054A741 /* CopyFiles */,
			);
			buildRules = (
			);
			dependencies = (
			);
			name = "lab1-3";
			productName = "lab1-3";
			productReference = D35318102BDECFEB00C13C46 /* lab1-3 */;
			productType = "com.apple.product-type.tool";
		};
		D345F87D2B8CDB42004CC315 /* lab1-2 */ = {
			isa = PBXNativeTarget;
			buildConfigurationList = D345F8822B8CDB42004CC315 /* Build configuration list for PBXNativeTarget "lab1-2" */;
			buildPhases = (
				D345F87A2B8CDB42004CC315 /* Sources */,
				D345F87B2B8CDB42004CC315 /* Frameworks */,
				D345F87C2B8CDB42004CC315 /* CopyFiles */,
			);
			buildRules = (
			);
			dependencies = (
			);
			name = "lab1-2";
			productName = "lab1-2";
			productReference = D353180F2BDECFEB00C13C46 /* lab1-2 */;
			productType = "com.apple.product-type.tool";
		};
		D35318162BDED00B00C13C46 /* lab2-4 */ = {
			isa = PBXNativeTarget;
			buildConfigurationList = D353181B2BDED00B00C13C46 /* Build configuration list for PBXNativeTarget "lab2-4" */;
			buildPhases = (
				D35318132BDED00B00C13C46 /* Sources */,
				D35318142BDED00B00C13C46 /* Frameworks */,
				D35318152BDED00B00C13C46 /* CopyFiles */,
			);
			buildRules = (
			);
			dependencies = (
			);
			name = "lab2-4";
			productName = "lab2-4";
			productReference = D35318172BDED00B00C13C46 /* lab2-4 */;
			productType = "com.apple.product-type.tool";
		};
/* End PBXNativeTarget section */

/* Begin PBXProject section */
		D3C3B5C32B853A900095E724 /* Project object */ = {
			isa = PBXProject;
			attributes = {
				BuildIndependentTargetsInParallel = 1;
				LastSwiftUpdateCheck = 1530;
				LastUpgradeCheck = 1530;
				TargetAttributes = {
					D3264B1E2BC4414F00C9E001 = {
						CreatedOnToolsVersion = 15.3;
					};
					D32DBC2C2B9F4D6D00649C95 = {
						CreatedOnToolsVersion = 15.2;
					};
					D33E1C162B96177F0054A741 = {
						CreatedOnToolsVersion = 15.2;
					};
					D345F87D2B8CDB42004CC315 = {
						CreatedOnToolsVersion = 15.2;
					};
					D35318162BDED00B00C13C46 = {
						CreatedOnToolsVersion = 15.3;
					};
				};
			};
			buildConfigurationList = D3C3B5C62B853A900095E724 /* Build configuration list for PBXProject "compilers_swift" */;
			compatibilityVersion = "Xcode 14.0";
			developmentRegion = en;
			hasScannedForEncodings = 0;
			knownRegions = (
				en,
				Base,
			);
			mainGroup = D3C3B5C22B853A900095E724;
			packageReferences = (
				D3CF699A2BDE4D9900531887 /* XCRemoteSwiftPackageReference "TreePrinter" */,
			);
			productRefGroup = D3C3B5C22B853A900095E724;
			projectDirPath = "";
			projectRoot = "";
			targets = (
				D345F87D2B8CDB42004CC315 /* lab1-2 */,
				D33E1C162B96177F0054A741 /* lab1-3 */,
				D32DBC2C2B9F4D6D00649C95 /* lab1-4 */,
				D3264B1E2BC4414F00C9E001 /* lab2-3 */,
				D35318162BDED00B00C13C46 /* lab2-4 */,
			);
		};
/* End PBXProject section */

/* Begin PBXSourcesBuildPhase section */
		D3264B1B2BC4414F00C9E001 /* Sources */ = {
			isa = PBXSourcesBuildPhase;
			buildActionMask = 2147483647;
			files = (
				D3AEB0FF2BC8660000AC8A71 /* compiler.swift in Sources */,
				D3AEB0FD2BC865AF00AC8A71 /* extensions.swift in Sources */,
				D3DA1BC12BD97EF90044B620 /* unique-queue.swift in Sources */,
				D3AEB0F92BC8650F00AC8A71 /* token.swift in Sources */,
				D3AEB0F72BC8638300AC8A71 /* domain-tag.swift in Sources */,
				D321C5912BCE9146003F65BC /* parser.swift in Sources */,
				D3AEB0FB2BC8659300AC8A71 /* scanner.swift in Sources */,
				D39E97732BC9636400FEADB2 /* fragment.swift in Sources */,
				D3DA1BC52BDABEDE0044B620 /* digraph.swift in Sources */,
				D39E977D2BCAC4FA00FEADB2 /* predict-table.swift in Sources */,
				D39E97752BC9637B00FEADB2 /* position.swift in Sources */,
				D3DA1BC32BDABA220044B620 /* stack.swift in Sources */,
				D39E97792BCAC34900FEADB2 /* non-term.swift in Sources */,
				D3264B222BC4414F00C9E001 /* main.swift in Sources */,
				D39E97772BC964B400FEADB2 /* grammar-elem.swift in Sources */,
				D39E977B2BCAC36F00FEADB2 /* term.swift in Sources */,
			);
			runOnlyForDeploymentPostprocessing = 0;
		};
		D32DBC292B9F4D6D00649C95 /* Sources */ = {
			isa = PBXSourcesBuildPhase;
			buildActionMask = 2147483647;
			files = (
				D32DBC3D2B9F5DA500649C95 /* scanner.swift in Sources */,
				D32DBC3B2B9F5D9A00649C95 /* domain-tag.swift in Sources */,
				D32DBC4A2B9F61B100649C95 /* fsm-transition.swift in Sources */,
				D32DBC482B9F5F5300649C95 /* fsm-state.swift in Sources */,
				D32DBC302B9F4D6D00649C95 /* main.swift in Sources */,
				D32DBC412B9F5DBC00649C95 /* extensions.swift in Sources */,
				D32DBC3F2B9F5DB000649C95 /* compiler.swift in Sources */,
				D32DBC462B9F5F3500649C95 /* fsm.swift in Sources */,
				D32DBC372B9F5D8400649C95 /* position.swift in Sources */,
				D32DBC352B9F5D6B00649C95 /* fragment.swift in Sources */,
				D32DBC392B9F5D8F00649C95 /* token.swift in Sources */,
			);
			runOnlyForDeploymentPostprocessing = 0;
		};
		D33E1C132B96177F0054A741 /* Sources */ = {
			isa = PBXSourcesBuildPhase;
			buildActionMask = 2147483647;
			files = (
				D33E1C262B961C410054A741 /* token.swift in Sources */,
				D33E1C1A2B96177F0054A741 /* main.swift in Sources */,
				D33E1C2A2B961C770054A741 /* domain-tag.swift in Sources */,
				D33E1C362B9871E70054A741 /* extensions.swift in Sources */,
				D33E1C302B961D570054A741 /* compiler.swift in Sources */,
				D33E1C222B961B380054A741 /* position.swift in Sources */,
				D33E1C202B961B240054A741 /* fragment.swift in Sources */,
				D33E1C2E2B961CF10054A741 /* scanner.swift in Sources */,
			);
			runOnlyForDeploymentPostprocessing = 0;
		};
		D345F87A2B8CDB42004CC315 /* Sources */ = {
			isa = PBXSourcesBuildPhase;
			buildActionMask = 2147483647;
			files = (
				D345F8812B8CDB42004CC315 /* main.swift in Sources */,
			);
			runOnlyForDeploymentPostprocessing = 0;
		};
		D35318132BDED00B00C13C46 /* Sources */ = {
			isa = PBXSourcesBuildPhase;
			buildActionMask = 2147483647;
			files = (
				D35318382BE0FE0400C13C46 /* term.swift in Sources */,
				D35318322BE0FCF200C13C46 /* parser.swift in Sources */,
				D353182A2BDFBFA400C13C46 /* scanner.swift in Sources */,
				D35318242BDFBF4500C13C46 /* token.swift in Sources */,
				D35318222BDFAA8200C13C46 /* domain-tag.swift in Sources */,
				D353182F2BDFC03B00C13C46 /* extensions.swift in Sources */,
				D353182C2BDFBFAB00C13C46 /* compiler.swift in Sources */,
				D35318262BDFBF5800C13C46 /* position.swift in Sources */,
				D35318282BDFBF6500C13C46 /* fragment.swift in Sources */,
				D353181A2BDED00B00C13C46 /* main.swift in Sources */,
			);
			runOnlyForDeploymentPostprocessing = 0;
		};
/* End PBXSourcesBuildPhase section */

/* Begin XCBuildConfiguration section */
		D3264B232BC4414F00C9E001 /* Debug */ = {
			isa = XCBuildConfiguration;
			buildSettings = {
				ALWAYS_SEARCH_USER_PATHS = NO;
				ASSETCATALOG_COMPILER_GENERATE_SWIFT_ASSET_SYMBOL_EXTENSIONS = YES;
				CLANG_ANALYZER_NONNULL = YES;
				CLANG_ANALYZER_NUMBER_OBJECT_CONVERSION = YES_AGGRESSIVE;
				CLANG_CXX_LANGUAGE_STANDARD = "gnu++20";
				CLANG_ENABLE_MODULES = YES;
				CLANG_ENABLE_OBJC_ARC = YES;
				CLANG_ENABLE_OBJC_WEAK = YES;
				CLANG_WARN_DIRECT_OBJC_ISA_USAGE = YES_ERROR;
				CLANG_WARN_DOCUMENTATION_COMMENTS = YES;
				CLANG_WARN_OBJC_ROOT_CLASS = YES_ERROR;
				CLANG_WARN_UNGUARDED_AVAILABILITY = YES_AGGRESSIVE;
				CODE_SIGN_STYLE = Automatic;
				COPY_PHASE_STRIP = NO;
				DEBUG_INFORMATION_FORMAT = dwarf;
				DEVELOPMENT_TEAM = V57K6D8W6N;
				ENABLE_HARDENED_RUNTIME = YES;
				ENABLE_USER_SCRIPT_SANDBOXING = YES;
				GCC_C_LANGUAGE_STANDARD = gnu17;
				GCC_DYNAMIC_NO_PIC = NO;
				GCC_OPTIMIZATION_LEVEL = 0;
				GCC_PREPROCESSOR_DEFINITIONS = (
					"DEBUG=1",
					"$(inherited)",
				);
				GCC_WARN_ABOUT_RETURN_TYPE = YES_ERROR;
				GCC_WARN_UNINITIALIZED_AUTOS = YES_AGGRESSIVE;
				LOCALIZATION_PREFERS_STRING_CATALOGS = YES;
				MACOSX_DEPLOYMENT_TARGET = 14.4;
				MTL_ENABLE_DEBUG_INFO = INCLUDE_SOURCE;
				MTL_FAST_MATH = YES;
				PRODUCT_NAME = "$(TARGET_NAME)";
				SDKROOT = macosx;
				SWIFT_ACTIVE_COMPILATION_CONDITIONS = "DEBUG $(inherited)";
				SWIFT_OPTIMIZATION_LEVEL = "-Onone";
				SWIFT_VERSION = 5.0;
			};
			name = Debug;
		};
		D3264B242BC4414F00C9E001 /* Release */ = {
			isa = XCBuildConfiguration;
			buildSettings = {
				ALWAYS_SEARCH_USER_PATHS = NO;
				ASSETCATALOG_COMPILER_GENERATE_SWIFT_ASSET_SYMBOL_EXTENSIONS = YES;
				CLANG_ANALYZER_NONNULL = YES;
				CLANG_ANALYZER_NUMBER_OBJECT_CONVERSION = YES_AGGRESSIVE;
				CLANG_CXX_LANGUAGE_STANDARD = "gnu++20";
				CLANG_ENABLE_MODULES = YES;
				CLANG_ENABLE_OBJC_ARC = YES;
				CLANG_ENABLE_OBJC_WEAK = YES;
				CLANG_WARN_DIRECT_OBJC_ISA_USAGE = YES_ERROR;
				CLANG_WARN_DOCUMENTATION_COMMENTS = YES;
				CLANG_WARN_OBJC_ROOT_CLASS = YES_ERROR;
				CLANG_WARN_UNGUARDED_AVAILABILITY = YES_AGGRESSIVE;
				CODE_SIGN_STYLE = Automatic;
				COPY_PHASE_STRIP = NO;
				DEBUG_INFORMATION_FORMAT = "dwarf-with-dsym";
				DEVELOPMENT_TEAM = V57K6D8W6N;
				ENABLE_HARDENED_RUNTIME = YES;
				ENABLE_NS_ASSERTIONS = NO;
				ENABLE_USER_SCRIPT_SANDBOXING = YES;
				GCC_C_LANGUAGE_STANDARD = gnu17;
				GCC_WARN_ABOUT_RETURN_TYPE = YES_ERROR;
				GCC_WARN_UNINITIALIZED_AUTOS = YES_AGGRESSIVE;
				LOCALIZATION_PREFERS_STRING_CATALOGS = YES;
				MACOSX_DEPLOYMENT_TARGET = 14.4;
				MTL_ENABLE_DEBUG_INFO = NO;
				MTL_FAST_MATH = YES;
				PRODUCT_NAME = "$(TARGET_NAME)";
				SDKROOT = macosx;
				SWIFT_COMPILATION_MODE = wholemodule;
				SWIFT_VERSION = 5.0;
			};
			name = Release;
		};
		D32DBC312B9F4D6D00649C95 /* Debug */ = {
			isa = XCBuildConfiguration;
			buildSettings = {
				ALWAYS_SEARCH_USER_PATHS = NO;
				ASSETCATALOG_COMPILER_GENERATE_SWIFT_ASSET_SYMBOL_EXTENSIONS = YES;
				CLANG_ANALYZER_NONNULL = YES;
				CLANG_ANALYZER_NUMBER_OBJECT_CONVERSION = YES_AGGRESSIVE;
				CLANG_CXX_LANGUAGE_STANDARD = "gnu++20";
				CLANG_ENABLE_MODULES = YES;
				CLANG_ENABLE_OBJC_ARC = YES;
				CLANG_ENABLE_OBJC_WEAK = YES;
				CLANG_WARN_BLOCK_CAPTURE_AUTORELEASING = YES;
				CLANG_WARN_BOOL_CONVERSION = YES;
				CLANG_WARN_COMMA = YES;
				CLANG_WARN_CONSTANT_CONVERSION = YES;
				CLANG_WARN_DEPRECATED_OBJC_IMPLEMENTATIONS = YES;
				CLANG_WARN_DIRECT_OBJC_ISA_USAGE = YES_ERROR;
				CLANG_WARN_DOCUMENTATION_COMMENTS = YES;
				CLANG_WARN_EMPTY_BODY = YES;
				CLANG_WARN_ENUM_CONVERSION = YES;
				CLANG_WARN_INFINITE_RECURSION = YES;
				CLANG_WARN_INT_CONVERSION = YES;
				CLANG_WARN_NON_LITERAL_NULL_CONVERSION = YES;
				CLANG_WARN_OBJC_IMPLICIT_RETAIN_SELF = YES;
				CLANG_WARN_OBJC_LITERAL_CONVERSION = YES;
				CLANG_WARN_OBJC_ROOT_CLASS = YES_ERROR;
				CLANG_WARN_QUOTED_INCLUDE_IN_FRAMEWORK_HEADER = YES;
				CLANG_WARN_RANGE_LOOP_ANALYSIS = YES;
				CLANG_WARN_STRICT_PROTOTYPES = YES;
				CLANG_WARN_SUSPICIOUS_MOVE = YES;
				CLANG_WARN_UNGUARDED_AVAILABILITY = YES_AGGRESSIVE;
				CLANG_WARN_UNREACHABLE_CODE = YES;
				CLANG_WARN__DUPLICATE_METHOD_MATCH = YES;
				CODE_SIGN_STYLE = Automatic;
				COPY_PHASE_STRIP = NO;
				DEAD_CODE_STRIPPING = YES;
				DEBUG_INFORMATION_FORMAT = dwarf;
				DEVELOPMENT_TEAM = V57K6D8W6N;
				ENABLE_HARDENED_RUNTIME = YES;
				ENABLE_STRICT_OBJC_MSGSEND = YES;
				ENABLE_TESTABILITY = YES;
				ENABLE_USER_SCRIPT_SANDBOXING = YES;
				GCC_C_LANGUAGE_STANDARD = gnu17;
				GCC_DYNAMIC_NO_PIC = NO;
				GCC_NO_COMMON_BLOCKS = YES;
				GCC_OPTIMIZATION_LEVEL = 0;
				GCC_PREPROCESSOR_DEFINITIONS = (
					"DEBUG=1",
					"$(inherited)",
				);
				GCC_WARN_64_TO_32_BIT_CONVERSION = YES;
				GCC_WARN_ABOUT_RETURN_TYPE = YES_ERROR;
				GCC_WARN_UNDECLARED_SELECTOR = YES;
				GCC_WARN_UNINITIALIZED_AUTOS = YES_AGGRESSIVE;
				GCC_WARN_UNUSED_FUNCTION = YES;
				GCC_WARN_UNUSED_VARIABLE = YES;
				LOCALIZATION_PREFERS_STRING_CATALOGS = YES;
				MACOSX_DEPLOYMENT_TARGET = 14.2;
				MTL_ENABLE_DEBUG_INFO = INCLUDE_SOURCE;
				MTL_FAST_MATH = YES;
				ONLY_ACTIVE_ARCH = YES;
				PRODUCT_NAME = "$(TARGET_NAME)";
				SDKROOT = macosx;
				SWIFT_ACTIVE_COMPILATION_CONDITIONS = "DEBUG $(inherited)";
				SWIFT_OPTIMIZATION_LEVEL = "-Onone";
				SWIFT_VERSION = 5.0;
			};
			name = Debug;
		};
		D32DBC322B9F4D6D00649C95 /* Release */ = {
			isa = XCBuildConfiguration;
			buildSettings = {
				ALWAYS_SEARCH_USER_PATHS = NO;
				ASSETCATALOG_COMPILER_GENERATE_SWIFT_ASSET_SYMBOL_EXTENSIONS = YES;
				CLANG_ANALYZER_NONNULL = YES;
				CLANG_ANALYZER_NUMBER_OBJECT_CONVERSION = YES_AGGRESSIVE;
				CLANG_CXX_LANGUAGE_STANDARD = "gnu++20";
				CLANG_ENABLE_MODULES = YES;
				CLANG_ENABLE_OBJC_ARC = YES;
				CLANG_ENABLE_OBJC_WEAK = YES;
				CLANG_WARN_BLOCK_CAPTURE_AUTORELEASING = YES;
				CLANG_WARN_BOOL_CONVERSION = YES;
				CLANG_WARN_COMMA = YES;
				CLANG_WARN_CONSTANT_CONVERSION = YES;
				CLANG_WARN_DEPRECATED_OBJC_IMPLEMENTATIONS = YES;
				CLANG_WARN_DIRECT_OBJC_ISA_USAGE = YES_ERROR;
				CLANG_WARN_DOCUMENTATION_COMMENTS = YES;
				CLANG_WARN_EMPTY_BODY = YES;
				CLANG_WARN_ENUM_CONVERSION = YES;
				CLANG_WARN_INFINITE_RECURSION = YES;
				CLANG_WARN_INT_CONVERSION = YES;
				CLANG_WARN_NON_LITERAL_NULL_CONVERSION = YES;
				CLANG_WARN_OBJC_IMPLICIT_RETAIN_SELF = YES;
				CLANG_WARN_OBJC_LITERAL_CONVERSION = YES;
				CLANG_WARN_OBJC_ROOT_CLASS = YES_ERROR;
				CLANG_WARN_QUOTED_INCLUDE_IN_FRAMEWORK_HEADER = YES;
				CLANG_WARN_RANGE_LOOP_ANALYSIS = YES;
				CLANG_WARN_STRICT_PROTOTYPES = YES;
				CLANG_WARN_SUSPICIOUS_MOVE = YES;
				CLANG_WARN_UNGUARDED_AVAILABILITY = YES_AGGRESSIVE;
				CLANG_WARN_UNREACHABLE_CODE = YES;
				CLANG_WARN__DUPLICATE_METHOD_MATCH = YES;
				CODE_SIGN_STYLE = Automatic;
				COPY_PHASE_STRIP = NO;
				DEAD_CODE_STRIPPING = YES;
				DEBUG_INFORMATION_FORMAT = "dwarf-with-dsym";
				DEVELOPMENT_TEAM = V57K6D8W6N;
				ENABLE_HARDENED_RUNTIME = YES;
				ENABLE_NS_ASSERTIONS = NO;
				ENABLE_STRICT_OBJC_MSGSEND = YES;
				ENABLE_USER_SCRIPT_SANDBOXING = YES;
				GCC_C_LANGUAGE_STANDARD = gnu17;
				GCC_NO_COMMON_BLOCKS = YES;
				GCC_WARN_64_TO_32_BIT_CONVERSION = YES;
				GCC_WARN_ABOUT_RETURN_TYPE = YES_ERROR;
				GCC_WARN_UNDECLARED_SELECTOR = YES;
				GCC_WARN_UNINITIALIZED_AUTOS = YES_AGGRESSIVE;
				GCC_WARN_UNUSED_FUNCTION = YES;
				GCC_WARN_UNUSED_VARIABLE = YES;
				LOCALIZATION_PREFERS_STRING_CATALOGS = YES;
				MACOSX_DEPLOYMENT_TARGET = 14.2;
				MTL_ENABLE_DEBUG_INFO = NO;
				MTL_FAST_MATH = YES;
				PRODUCT_NAME = "$(TARGET_NAME)";
				SDKROOT = macosx;
				SWIFT_COMPILATION_MODE = wholemodule;
				SWIFT_VERSION = 5.0;
			};
			name = Release;
		};
		D33E1C1B2B96177F0054A741 /* Debug */ = {
			isa = XCBuildConfiguration;
			buildSettings = {
				ALWAYS_SEARCH_USER_PATHS = NO;
				ASSETCATALOG_COMPILER_GENERATE_SWIFT_ASSET_SYMBOL_EXTENSIONS = YES;
				CLANG_ANALYZER_NONNULL = YES;
				CLANG_ANALYZER_NUMBER_OBJECT_CONVERSION = YES_AGGRESSIVE;
				CLANG_CXX_LANGUAGE_STANDARD = "gnu++20";
				CLANG_ENABLE_MODULES = YES;
				CLANG_ENABLE_OBJC_ARC = YES;
				CLANG_ENABLE_OBJC_WEAK = YES;
				CLANG_WARN_BLOCK_CAPTURE_AUTORELEASING = YES;
				CLANG_WARN_BOOL_CONVERSION = YES;
				CLANG_WARN_COMMA = YES;
				CLANG_WARN_CONSTANT_CONVERSION = YES;
				CLANG_WARN_DEPRECATED_OBJC_IMPLEMENTATIONS = YES;
				CLANG_WARN_DIRECT_OBJC_ISA_USAGE = YES_ERROR;
				CLANG_WARN_DOCUMENTATION_COMMENTS = YES;
				CLANG_WARN_EMPTY_BODY = YES;
				CLANG_WARN_ENUM_CONVERSION = YES;
				CLANG_WARN_INFINITE_RECURSION = YES;
				CLANG_WARN_INT_CONVERSION = YES;
				CLANG_WARN_NON_LITERAL_NULL_CONVERSION = YES;
				CLANG_WARN_OBJC_IMPLICIT_RETAIN_SELF = YES;
				CLANG_WARN_OBJC_LITERAL_CONVERSION = YES;
				CLANG_WARN_OBJC_ROOT_CLASS = YES_ERROR;
				CLANG_WARN_QUOTED_INCLUDE_IN_FRAMEWORK_HEADER = YES;
				CLANG_WARN_RANGE_LOOP_ANALYSIS = YES;
				CLANG_WARN_STRICT_PROTOTYPES = YES;
				CLANG_WARN_SUSPICIOUS_MOVE = YES;
				CLANG_WARN_UNGUARDED_AVAILABILITY = YES_AGGRESSIVE;
				CLANG_WARN_UNREACHABLE_CODE = YES;
				CLANG_WARN__DUPLICATE_METHOD_MATCH = YES;
				CODE_SIGN_STYLE = Automatic;
				COPY_PHASE_STRIP = NO;
				DEAD_CODE_STRIPPING = YES;
				DEBUG_INFORMATION_FORMAT = dwarf;
				DEVELOPMENT_TEAM = V57K6D8W6N;
				ENABLE_HARDENED_RUNTIME = YES;
				ENABLE_STRICT_OBJC_MSGSEND = YES;
				ENABLE_TESTABILITY = YES;
				ENABLE_USER_SCRIPT_SANDBOXING = YES;
				GCC_C_LANGUAGE_STANDARD = gnu17;
				GCC_DYNAMIC_NO_PIC = NO;
				GCC_NO_COMMON_BLOCKS = YES;
				GCC_OPTIMIZATION_LEVEL = 0;
				GCC_PREPROCESSOR_DEFINITIONS = (
					"DEBUG=1",
					"$(inherited)",
				);
				GCC_WARN_64_TO_32_BIT_CONVERSION = YES;
				GCC_WARN_ABOUT_RETURN_TYPE = YES_ERROR;
				GCC_WARN_UNDECLARED_SELECTOR = YES;
				GCC_WARN_UNINITIALIZED_AUTOS = YES_AGGRESSIVE;
				GCC_WARN_UNUSED_FUNCTION = YES;
				GCC_WARN_UNUSED_VARIABLE = YES;
				LOCALIZATION_PREFERS_STRING_CATALOGS = YES;
				MACOSX_DEPLOYMENT_TARGET = 14.2;
				MTL_ENABLE_DEBUG_INFO = INCLUDE_SOURCE;
				MTL_FAST_MATH = YES;
				ONLY_ACTIVE_ARCH = YES;
				PRODUCT_NAME = "$(TARGET_NAME)";
				SDKROOT = macosx;
				SWIFT_ACTIVE_COMPILATION_CONDITIONS = "DEBUG $(inherited)";
				SWIFT_OPTIMIZATION_LEVEL = "-Onone";
				SWIFT_VERSION = 5.0;
			};
			name = Debug;
		};
		D33E1C1C2B96177F0054A741 /* Release */ = {
			isa = XCBuildConfiguration;
			buildSettings = {
				ALWAYS_SEARCH_USER_PATHS = NO;
				ASSETCATALOG_COMPILER_GENERATE_SWIFT_ASSET_SYMBOL_EXTENSIONS = YES;
				CLANG_ANALYZER_NONNULL = YES;
				CLANG_ANALYZER_NUMBER_OBJECT_CONVERSION = YES_AGGRESSIVE;
				CLANG_CXX_LANGUAGE_STANDARD = "gnu++20";
				CLANG_ENABLE_MODULES = YES;
				CLANG_ENABLE_OBJC_ARC = YES;
				CLANG_ENABLE_OBJC_WEAK = YES;
				CLANG_WARN_BLOCK_CAPTURE_AUTORELEASING = YES;
				CLANG_WARN_BOOL_CONVERSION = YES;
				CLANG_WARN_COMMA = YES;
				CLANG_WARN_CONSTANT_CONVERSION = YES;
				CLANG_WARN_DEPRECATED_OBJC_IMPLEMENTATIONS = YES;
				CLANG_WARN_DIRECT_OBJC_ISA_USAGE = YES_ERROR;
				CLANG_WARN_DOCUMENTATION_COMMENTS = YES;
				CLANG_WARN_EMPTY_BODY = YES;
				CLANG_WARN_ENUM_CONVERSION = YES;
				CLANG_WARN_INFINITE_RECURSION = YES;
				CLANG_WARN_INT_CONVERSION = YES;
				CLANG_WARN_NON_LITERAL_NULL_CONVERSION = YES;
				CLANG_WARN_OBJC_IMPLICIT_RETAIN_SELF = YES;
				CLANG_WARN_OBJC_LITERAL_CONVERSION = YES;
				CLANG_WARN_OBJC_ROOT_CLASS = YES_ERROR;
				CLANG_WARN_QUOTED_INCLUDE_IN_FRAMEWORK_HEADER = YES;
				CLANG_WARN_RANGE_LOOP_ANALYSIS = YES;
				CLANG_WARN_STRICT_PROTOTYPES = YES;
				CLANG_WARN_SUSPICIOUS_MOVE = YES;
				CLANG_WARN_UNGUARDED_AVAILABILITY = YES_AGGRESSIVE;
				CLANG_WARN_UNREACHABLE_CODE = YES;
				CLANG_WARN__DUPLICATE_METHOD_MATCH = YES;
				CODE_SIGN_STYLE = Automatic;
				COPY_PHASE_STRIP = NO;
				DEAD_CODE_STRIPPING = YES;
				DEBUG_INFORMATION_FORMAT = "dwarf-with-dsym";
				DEVELOPMENT_TEAM = V57K6D8W6N;
				ENABLE_HARDENED_RUNTIME = YES;
				ENABLE_NS_ASSERTIONS = NO;
				ENABLE_STRICT_OBJC_MSGSEND = YES;
				ENABLE_USER_SCRIPT_SANDBOXING = YES;
				GCC_C_LANGUAGE_STANDARD = gnu17;
				GCC_NO_COMMON_BLOCKS = YES;
				GCC_WARN_64_TO_32_BIT_CONVERSION = YES;
				GCC_WARN_ABOUT_RETURN_TYPE = YES_ERROR;
				GCC_WARN_UNDECLARED_SELECTOR = YES;
				GCC_WARN_UNINITIALIZED_AUTOS = YES_AGGRESSIVE;
				GCC_WARN_UNUSED_FUNCTION = YES;
				GCC_WARN_UNUSED_VARIABLE = YES;
				LOCALIZATION_PREFERS_STRING_CATALOGS = YES;
				MACOSX_DEPLOYMENT_TARGET = 14.2;
				MTL_ENABLE_DEBUG_INFO = NO;
				MTL_FAST_MATH = YES;
				PRODUCT_NAME = "$(TARGET_NAME)";
				SDKROOT = macosx;
				SWIFT_COMPILATION_MODE = wholemodule;
				SWIFT_VERSION = 5.0;
			};
			name = Release;
		};
		D345F8832B8CDB42004CC315 /* Debug */ = {
			isa = XCBuildConfiguration;
			buildSettings = {
				ALWAYS_SEARCH_USER_PATHS = NO;
				ASSETCATALOG_COMPILER_GENERATE_SWIFT_ASSET_SYMBOL_EXTENSIONS = YES;
				CLANG_ANALYZER_NONNULL = YES;
				CLANG_ANALYZER_NUMBER_OBJECT_CONVERSION = YES_AGGRESSIVE;
				CLANG_CXX_LANGUAGE_STANDARD = "gnu++20";
				CLANG_ENABLE_MODULES = YES;
				CLANG_ENABLE_OBJC_ARC = YES;
				CLANG_ENABLE_OBJC_WEAK = YES;
				CLANG_WARN_BLOCK_CAPTURE_AUTORELEASING = YES;
				CLANG_WARN_BOOL_CONVERSION = YES;
				CLANG_WARN_COMMA = YES;
				CLANG_WARN_CONSTANT_CONVERSION = YES;
				CLANG_WARN_DEPRECATED_OBJC_IMPLEMENTATIONS = YES;
				CLANG_WARN_DIRECT_OBJC_ISA_USAGE = YES_ERROR;
				CLANG_WARN_DOCUMENTATION_COMMENTS = YES;
				CLANG_WARN_EMPTY_BODY = YES;
				CLANG_WARN_ENUM_CONVERSION = YES;
				CLANG_WARN_INFINITE_RECURSION = YES;
				CLANG_WARN_INT_CONVERSION = YES;
				CLANG_WARN_NON_LITERAL_NULL_CONVERSION = YES;
				CLANG_WARN_OBJC_IMPLICIT_RETAIN_SELF = YES;
				CLANG_WARN_OBJC_LITERAL_CONVERSION = YES;
				CLANG_WARN_OBJC_ROOT_CLASS = YES_ERROR;
				CLANG_WARN_QUOTED_INCLUDE_IN_FRAMEWORK_HEADER = YES;
				CLANG_WARN_RANGE_LOOP_ANALYSIS = YES;
				CLANG_WARN_STRICT_PROTOTYPES = YES;
				CLANG_WARN_SUSPICIOUS_MOVE = YES;
				CLANG_WARN_UNGUARDED_AVAILABILITY = YES_AGGRESSIVE;
				CLANG_WARN_UNREACHABLE_CODE = YES;
				CLANG_WARN__DUPLICATE_METHOD_MATCH = YES;
				CODE_SIGN_STYLE = Automatic;
				COPY_PHASE_STRIP = NO;
				DEAD_CODE_STRIPPING = YES;
				DEBUG_INFORMATION_FORMAT = dwarf;
				DEVELOPMENT_TEAM = V57K6D8W6N;
				ENABLE_HARDENED_RUNTIME = YES;
				ENABLE_STRICT_OBJC_MSGSEND = YES;
				ENABLE_TESTABILITY = YES;
				ENABLE_USER_SCRIPT_SANDBOXING = YES;
				GCC_C_LANGUAGE_STANDARD = gnu17;
				GCC_DYNAMIC_NO_PIC = NO;
				GCC_NO_COMMON_BLOCKS = YES;
				GCC_OPTIMIZATION_LEVEL = 0;
				GCC_PREPROCESSOR_DEFINITIONS = (
					"DEBUG=1",
					"$(inherited)",
				);
				GCC_WARN_64_TO_32_BIT_CONVERSION = YES;
				GCC_WARN_ABOUT_RETURN_TYPE = YES_ERROR;
				GCC_WARN_UNDECLARED_SELECTOR = YES;
				GCC_WARN_UNINITIALIZED_AUTOS = YES_AGGRESSIVE;
				GCC_WARN_UNUSED_FUNCTION = YES;
				GCC_WARN_UNUSED_VARIABLE = YES;
				LOCALIZATION_PREFERS_STRING_CATALOGS = YES;
				MACOSX_DEPLOYMENT_TARGET = 14.2;
				MTL_ENABLE_DEBUG_INFO = INCLUDE_SOURCE;
				MTL_FAST_MATH = YES;
				ONLY_ACTIVE_ARCH = YES;
				PRODUCT_NAME = "$(TARGET_NAME)";
				SDKROOT = macosx;
				SWIFT_ACTIVE_COMPILATION_CONDITIONS = "DEBUG $(inherited)";
				SWIFT_OPTIMIZATION_LEVEL = "-Onone";
				SWIFT_VERSION = 5.0;
			};
			name = Debug;
		};
		D345F8842B8CDB42004CC315 /* Release */ = {
			isa = XCBuildConfiguration;
			buildSettings = {
				ALWAYS_SEARCH_USER_PATHS = NO;
				ASSETCATALOG_COMPILER_GENERATE_SWIFT_ASSET_SYMBOL_EXTENSIONS = YES;
				CLANG_ANALYZER_NONNULL = YES;
				CLANG_ANALYZER_NUMBER_OBJECT_CONVERSION = YES_AGGRESSIVE;
				CLANG_CXX_LANGUAGE_STANDARD = "gnu++20";
				CLANG_ENABLE_MODULES = YES;
				CLANG_ENABLE_OBJC_ARC = YES;
				CLANG_ENABLE_OBJC_WEAK = YES;
				CLANG_WARN_BLOCK_CAPTURE_AUTORELEASING = YES;
				CLANG_WARN_BOOL_CONVERSION = YES;
				CLANG_WARN_COMMA = YES;
				CLANG_WARN_CONSTANT_CONVERSION = YES;
				CLANG_WARN_DEPRECATED_OBJC_IMPLEMENTATIONS = YES;
				CLANG_WARN_DIRECT_OBJC_ISA_USAGE = YES_ERROR;
				CLANG_WARN_DOCUMENTATION_COMMENTS = YES;
				CLANG_WARN_EMPTY_BODY = YES;
				CLANG_WARN_ENUM_CONVERSION = YES;
				CLANG_WARN_INFINITE_RECURSION = YES;
				CLANG_WARN_INT_CONVERSION = YES;
				CLANG_WARN_NON_LITERAL_NULL_CONVERSION = YES;
				CLANG_WARN_OBJC_IMPLICIT_RETAIN_SELF = YES;
				CLANG_WARN_OBJC_LITERAL_CONVERSION = YES;
				CLANG_WARN_OBJC_ROOT_CLASS = YES_ERROR;
				CLANG_WARN_QUOTED_INCLUDE_IN_FRAMEWORK_HEADER = YES;
				CLANG_WARN_RANGE_LOOP_ANALYSIS = YES;
				CLANG_WARN_STRICT_PROTOTYPES = YES;
				CLANG_WARN_SUSPICIOUS_MOVE = YES;
				CLANG_WARN_UNGUARDED_AVAILABILITY = YES_AGGRESSIVE;
				CLANG_WARN_UNREACHABLE_CODE = YES;
				CLANG_WARN__DUPLICATE_METHOD_MATCH = YES;
				CODE_SIGN_STYLE = Automatic;
				COPY_PHASE_STRIP = NO;
				DEAD_CODE_STRIPPING = YES;
				DEBUG_INFORMATION_FORMAT = "dwarf-with-dsym";
				DEVELOPMENT_TEAM = V57K6D8W6N;
				ENABLE_HARDENED_RUNTIME = YES;
				ENABLE_NS_ASSERTIONS = NO;
				ENABLE_STRICT_OBJC_MSGSEND = YES;
				ENABLE_USER_SCRIPT_SANDBOXING = YES;
				GCC_C_LANGUAGE_STANDARD = gnu17;
				GCC_NO_COMMON_BLOCKS = YES;
				GCC_WARN_64_TO_32_BIT_CONVERSION = YES;
				GCC_WARN_ABOUT_RETURN_TYPE = YES_ERROR;
				GCC_WARN_UNDECLARED_SELECTOR = YES;
				GCC_WARN_UNINITIALIZED_AUTOS = YES_AGGRESSIVE;
				GCC_WARN_UNUSED_FUNCTION = YES;
				GCC_WARN_UNUSED_VARIABLE = YES;
				LOCALIZATION_PREFERS_STRING_CATALOGS = YES;
				MACOSX_DEPLOYMENT_TARGET = 14.2;
				MTL_ENABLE_DEBUG_INFO = NO;
				MTL_FAST_MATH = YES;
				PRODUCT_NAME = "$(TARGET_NAME)";
				SDKROOT = macosx;
				SWIFT_COMPILATION_MODE = wholemodule;
				SWIFT_VERSION = 5.0;
			};
			name = Release;
		};
		D353181C2BDED00B00C13C46 /* Debug */ = {
			isa = XCBuildConfiguration;
			buildSettings = {
				ALWAYS_SEARCH_USER_PATHS = NO;
				ASSETCATALOG_COMPILER_GENERATE_SWIFT_ASSET_SYMBOL_EXTENSIONS = YES;
				CLANG_ANALYZER_NONNULL = YES;
				CLANG_ANALYZER_NUMBER_OBJECT_CONVERSION = YES_AGGRESSIVE;
				CLANG_CXX_LANGUAGE_STANDARD = "gnu++20";
				CLANG_ENABLE_MODULES = YES;
				CLANG_ENABLE_OBJC_ARC = YES;
				CLANG_ENABLE_OBJC_WEAK = YES;
				CLANG_WARN_DIRECT_OBJC_ISA_USAGE = YES_ERROR;
				CLANG_WARN_DOCUMENTATION_COMMENTS = YES;
				CLANG_WARN_OBJC_ROOT_CLASS = YES_ERROR;
				CLANG_WARN_UNGUARDED_AVAILABILITY = YES_AGGRESSIVE;
				CODE_SIGN_STYLE = Automatic;
				COPY_PHASE_STRIP = NO;
				DEBUG_INFORMATION_FORMAT = dwarf;
				DEVELOPMENT_TEAM = V57K6D8W6N;
				ENABLE_HARDENED_RUNTIME = YES;
				ENABLE_USER_SCRIPT_SANDBOXING = YES;
				GCC_C_LANGUAGE_STANDARD = gnu17;
				GCC_DYNAMIC_NO_PIC = NO;
				GCC_OPTIMIZATION_LEVEL = 0;
				GCC_PREPROCESSOR_DEFINITIONS = (
					"DEBUG=1",
					"$(inherited)",
				);
				GCC_WARN_ABOUT_RETURN_TYPE = YES_ERROR;
				GCC_WARN_UNINITIALIZED_AUTOS = YES_AGGRESSIVE;
				LOCALIZATION_PREFERS_STRING_CATALOGS = YES;
				MACOSX_DEPLOYMENT_TARGET = 14.4;
				MTL_ENABLE_DEBUG_INFO = INCLUDE_SOURCE;
				MTL_FAST_MATH = YES;
				PRODUCT_NAME = "$(TARGET_NAME)";
				SDKROOT = macosx;
				SWIFT_ACTIVE_COMPILATION_CONDITIONS = "DEBUG $(inherited)";
				SWIFT_OPTIMIZATION_LEVEL = "-Onone";
				SWIFT_VERSION = 5.0;
			};
			name = Debug;
		};
		D353181D2BDED00B00C13C46 /* Release */ = {
			isa = XCBuildConfiguration;
			buildSettings = {
				ALWAYS_SEARCH_USER_PATHS = NO;
				ASSETCATALOG_COMPILER_GENERATE_SWIFT_ASSET_SYMBOL_EXTENSIONS = YES;
				CLANG_ANALYZER_NONNULL = YES;
				CLANG_ANALYZER_NUMBER_OBJECT_CONVERSION = YES_AGGRESSIVE;
				CLANG_CXX_LANGUAGE_STANDARD = "gnu++20";
				CLANG_ENABLE_MODULES = YES;
				CLANG_ENABLE_OBJC_ARC = YES;
				CLANG_ENABLE_OBJC_WEAK = YES;
				CLANG_WARN_DIRECT_OBJC_ISA_USAGE = YES_ERROR;
				CLANG_WARN_DOCUMENTATION_COMMENTS = YES;
				CLANG_WARN_OBJC_ROOT_CLASS = YES_ERROR;
				CLANG_WARN_UNGUARDED_AVAILABILITY = YES_AGGRESSIVE;
				CODE_SIGN_STYLE = Automatic;
				COPY_PHASE_STRIP = NO;
				DEBUG_INFORMATION_FORMAT = "dwarf-with-dsym";
				DEVELOPMENT_TEAM = V57K6D8W6N;
				ENABLE_HARDENED_RUNTIME = YES;
				ENABLE_NS_ASSERTIONS = NO;
				ENABLE_USER_SCRIPT_SANDBOXING = YES;
				GCC_C_LANGUAGE_STANDARD = gnu17;
				GCC_WARN_ABOUT_RETURN_TYPE = YES_ERROR;
				GCC_WARN_UNINITIALIZED_AUTOS = YES_AGGRESSIVE;
				LOCALIZATION_PREFERS_STRING_CATALOGS = YES;
				MACOSX_DEPLOYMENT_TARGET = 14.4;
				MTL_ENABLE_DEBUG_INFO = NO;
				MTL_FAST_MATH = YES;
				PRODUCT_NAME = "$(TARGET_NAME)";
				SDKROOT = macosx;
				SWIFT_COMPILATION_MODE = wholemodule;
				SWIFT_VERSION = 5.0;
			};
			name = Release;
		};
		D3C3B5C72B853A900095E724 /* Debug */ = {
			isa = XCBuildConfiguration;
			buildSettings = {
				CLANG_WARN_BLOCK_CAPTURE_AUTORELEASING = YES;
				CLANG_WARN_BOOL_CONVERSION = YES;
				CLANG_WARN_COMMA = YES;
				CLANG_WARN_CONSTANT_CONVERSION = YES;
				CLANG_WARN_DEPRECATED_OBJC_IMPLEMENTATIONS = YES;
				CLANG_WARN_EMPTY_BODY = YES;
				CLANG_WARN_ENUM_CONVERSION = YES;
				CLANG_WARN_INFINITE_RECURSION = YES;
				CLANG_WARN_INT_CONVERSION = YES;
				CLANG_WARN_NON_LITERAL_NULL_CONVERSION = YES;
				CLANG_WARN_OBJC_IMPLICIT_RETAIN_SELF = YES;
				CLANG_WARN_OBJC_LITERAL_CONVERSION = YES;
				CLANG_WARN_QUOTED_INCLUDE_IN_FRAMEWORK_HEADER = YES;
				CLANG_WARN_RANGE_LOOP_ANALYSIS = YES;
				CLANG_WARN_STRICT_PROTOTYPES = YES;
				CLANG_WARN_SUSPICIOUS_MOVE = YES;
				CLANG_WARN_UNREACHABLE_CODE = YES;
				CLANG_WARN__DUPLICATE_METHOD_MATCH = YES;
				DEAD_CODE_STRIPPING = YES;
				ENABLE_STRICT_OBJC_MSGSEND = YES;
				ENABLE_TESTABILITY = YES;
				GCC_NO_COMMON_BLOCKS = YES;
				GCC_WARN_64_TO_32_BIT_CONVERSION = YES;
				GCC_WARN_ABOUT_RETURN_TYPE = YES;
				GCC_WARN_UNDECLARED_SELECTOR = YES;
				GCC_WARN_UNINITIALIZED_AUTOS = YES;
				GCC_WARN_UNUSED_FUNCTION = YES;
				GCC_WARN_UNUSED_VARIABLE = YES;
				ONLY_ACTIVE_ARCH = YES;
			};
			name = Debug;
		};
		D3C3B5C82B853A900095E724 /* Release */ = {
			isa = XCBuildConfiguration;
			buildSettings = {
				CLANG_WARN_BLOCK_CAPTURE_AUTORELEASING = YES;
				CLANG_WARN_BOOL_CONVERSION = YES;
				CLANG_WARN_COMMA = YES;
				CLANG_WARN_CONSTANT_CONVERSION = YES;
				CLANG_WARN_DEPRECATED_OBJC_IMPLEMENTATIONS = YES;
				CLANG_WARN_EMPTY_BODY = YES;
				CLANG_WARN_ENUM_CONVERSION = YES;
				CLANG_WARN_INFINITE_RECURSION = YES;
				CLANG_WARN_INT_CONVERSION = YES;
				CLANG_WARN_NON_LITERAL_NULL_CONVERSION = YES;
				CLANG_WARN_OBJC_IMPLICIT_RETAIN_SELF = YES;
				CLANG_WARN_OBJC_LITERAL_CONVERSION = YES;
				CLANG_WARN_QUOTED_INCLUDE_IN_FRAMEWORK_HEADER = YES;
				CLANG_WARN_RANGE_LOOP_ANALYSIS = YES;
				CLANG_WARN_STRICT_PROTOTYPES = YES;
				CLANG_WARN_SUSPICIOUS_MOVE = YES;
				CLANG_WARN_UNREACHABLE_CODE = YES;
				CLANG_WARN__DUPLICATE_METHOD_MATCH = YES;
				DEAD_CODE_STRIPPING = YES;
				ENABLE_STRICT_OBJC_MSGSEND = YES;
				GCC_NO_COMMON_BLOCKS = YES;
				GCC_WARN_64_TO_32_BIT_CONVERSION = YES;
				GCC_WARN_ABOUT_RETURN_TYPE = YES;
				GCC_WARN_UNDECLARED_SELECTOR = YES;
				GCC_WARN_UNINITIALIZED_AUTOS = YES;
				GCC_WARN_UNUSED_FUNCTION = YES;
				GCC_WARN_UNUSED_VARIABLE = YES;
			};
			name = Release;
		};
/* End XCBuildConfiguration section */

/* Begin XCConfigurationList section */
		D3264B252BC4414F00C9E001 /* Build configuration list for PBXNativeTarget "lab2-3" */ = {
			isa = XCConfigurationList;
			buildConfigurations = (
				D3264B232BC4414F00C9E001 /* Debug */,
				D3264B242BC4414F00C9E001 /* Release */,
			);
			defaultConfigurationIsVisible = 0;
			defaultConfigurationName = Release;
		};
		D32DBC332B9F4D6D00649C95 /* Build configuration list for PBXNativeTarget "lab1-4" */ = {
			isa = XCConfigurationList;
			buildConfigurations = (
				D32DBC312B9F4D6D00649C95 /* Debug */,
				D32DBC322B9F4D6D00649C95 /* Release */,
			);
			defaultConfigurationIsVisible = 0;
			defaultConfigurationName = Release;
		};
		D33E1C1D2B96177F0054A741 /* Build configuration list for PBXNativeTarget "lab1-3" */ = {
			isa = XCConfigurationList;
			buildConfigurations = (
				D33E1C1B2B96177F0054A741 /* Debug */,
				D33E1C1C2B96177F0054A741 /* Release */,
			);
			defaultConfigurationIsVisible = 0;
			defaultConfigurationName = Release;
		};
		D345F8822B8CDB42004CC315 /* Build configuration list for PBXNativeTarget "lab1-2" */ = {
			isa = XCConfigurationList;
			buildConfigurations = (
				D345F8832B8CDB42004CC315 /* Debug */,
				D345F8842B8CDB42004CC315 /* Release */,
			);
			defaultConfigurationIsVisible = 0;
			defaultConfigurationName = Release;
		};
		D353181B2BDED00B00C13C46 /* Build configuration list for PBXNativeTarget "lab2-4" */ = {
			isa = XCConfigurationList;
			buildConfigurations = (
				D353181C2BDED00B00C13C46 /* Debug */,
				D353181D2BDED00B00C13C46 /* Release */,
			);
			defaultConfigurationIsVisible = 0;
			defaultConfigurationName = Release;
		};
		D3C3B5C62B853A900095E724 /* Build configuration list for PBXProject "compilers_swift" */ = {
			isa = XCConfigurationList;
			buildConfigurations = (
				D3C3B5C72B853A900095E724 /* Debug */,
				D3C3B5C82B853A900095E724 /* Release */,
			);
			defaultConfigurationIsVisible = 0;
			defaultConfigurationName = Release;
		};
/* End XCConfigurationList section */

/* Begin XCRemoteSwiftPackageReference section */
		D3CF699A2BDE4D9900531887 /* XCRemoteSwiftPackageReference "TreePrinter" */ = {
			isa = XCRemoteSwiftPackageReference;
			repositoryURL = "https://github.com/cliss/TreePrinter.git";
			requirement = {
				kind = upToNextMajorVersion;
				minimumVersion = 1.0.2;
			};
		};
/* End XCRemoteSwiftPackageReference section */

/* Begin XCSwiftPackageProductDependency section */
		D3CF699C2BDE4DA500531887 /* TreePrinter */ = {
			isa = XCSwiftPackageProductDependency;
			package = D3CF699A2BDE4D9900531887 /* XCRemoteSwiftPackageReference "TreePrinter" */;
			productName = TreePrinter;
		};
/* End XCSwiftPackageProductDependency section */
	};
	rootObject = D3C3B5C32B853A900095E724 /* Project object */;
}
