// !$*UTF8*$!
{
	archiveVersion = 1;
	classes = {
	};
	objectVersion = 56;
	objects = {

/* Begin PBXBuildFile section */
		D32DBC302B9F4D6D00649C95 /* main.swift in Sources */ = {isa = PBXBuildFile; fileRef = D32DBC2F2B9F4D6D00649C95 /* main.swift */; };
		D32DBC352B9F5D6B00649C95 /* fragment.swift in Sources */ = {isa = PBXBuildFile; fileRef = D32DBC342B9F5D6B00649C95 /* fragment.swift */; };
		D32DBC372B9F5D8400649C95 /* position.swift in Sources */ = {isa = PBXBuildFile; fileRef = D32DBC362B9F5D8400649C95 /* position.swift */; };
		D32DBC392B9F5D8F00649C95 /* token.swift in Sources */ = {isa = PBXBuildFile; fileRef = D32DBC382B9F5D8F00649C95 /* token.swift */; };
		D32DBC3B2B9F5D9A00649C95 /* domain-tag.swift in Sources */ = {isa = PBXBuildFile; fileRef = D32DBC3A2B9F5D9A00649C95 /* domain-tag.swift */; };
		D32DBC3D2B9F5DA500649C95 /* scanner.swift in Sources */ = {isa = PBXBuildFile; fileRef = D32DBC3C2B9F5DA500649C95 /* scanner.swift */; };
		D32DBC3F2B9F5DB000649C95 /* compiler.swift in Sources */ = {isa = PBXBuildFile; fileRef = D32DBC3E2B9F5DB000649C95 /* compiler.swift */; };
		D32DBC412B9F5DBC00649C95 /* extensions.swift in Sources */ = {isa = PBXBuildFile; fileRef = D32DBC402B9F5DBC00649C95 /* extensions.swift */; };
		D32DBC462B9F5F3500649C95 /* fsm.swift in Sources */ = {isa = PBXBuildFile; fileRef = D32DBC452B9F5F3500649C95 /* fsm.swift */; };
		D32DBC482B9F5F5300649C95 /* fsm-state.swift in Sources */ = {isa = PBXBuildFile; fileRef = D32DBC472B9F5F5300649C95 /* fsm-state.swift */; };
		D32DBC4A2B9F61B100649C95 /* fsm-transition.swift in Sources */ = {isa = PBXBuildFile; fileRef = D32DBC492B9F61B100649C95 /* fsm-transition.swift */; };
		D33E1C1A2B96177F0054A741 /* main.swift in Sources */ = {isa = PBXBuildFile; fileRef = D33E1C192B96177F0054A741 /* main.swift */; };
		D33E1C202B961B240054A741 /* fragment.swift in Sources */ = {isa = PBXBuildFile; fileRef = D33E1C1F2B961B240054A741 /* fragment.swift */; };
		D33E1C222B961B380054A741 /* position.swift in Sources */ = {isa = PBXBuildFile; fileRef = D33E1C212B961B380054A741 /* position.swift */; };
		D33E1C262B961C410054A741 /* token.swift in Sources */ = {isa = PBXBuildFile; fileRef = D33E1C252B961C410054A741 /* token.swift */; };
		D33E1C2A2B961C770054A741 /* domain-tag.swift in Sources */ = {isa = PBXBuildFile; fileRef = D33E1C292B961C770054A741 /* domain-tag.swift */; };
		D33E1C2E2B961CF10054A741 /* scanner.swift in Sources */ = {isa = PBXBuildFile; fileRef = D33E1C2D2B961CF10054A741 /* scanner.swift */; };
		D33E1C302B961D570054A741 /* compiler.swift in Sources */ = {isa = PBXBuildFile; fileRef = D33E1C2F2B961D570054A741 /* compiler.swift */; };
		D33E1C362B9871E70054A741 /* extensions.swift in Sources */ = {isa = PBXBuildFile; fileRef = D33E1C352B9871E70054A741 /* extensions.swift */; };
		D345F8812B8CDB42004CC315 /* main.swift in Sources */ = {isa = PBXBuildFile; fileRef = D345F8802B8CDB42004CC315 /* main.swift */; };
/* End PBXBuildFile section */

/* Begin PBXCopyFilesBuildPhase section */
		D32DBC2B2B9F4D6D00649C95 /* CopyFiles */ = {
			isa = PBXCopyFilesBuildPhase;
			buildActionMask = 2147483647;
			dstPath = /usr/share/man/man1/;
			dstSubfolderSpec = 0;
			files = (
			);
			runOnlyForDeploymentPostprocessing = 1;
		};
		D33E1C152B96177F0054A741 /* CopyFiles */ = {
			isa = PBXCopyFilesBuildPhase;
			buildActionMask = 2147483647;
			dstPath = /usr/share/man/man1/;
			dstSubfolderSpec = 0;
			files = (
			);
			runOnlyForDeploymentPostprocessing = 1;
		};
		D345F87C2B8CDB42004CC315 /* CopyFiles */ = {
			isa = PBXCopyFilesBuildPhase;
			buildActionMask = 2147483647;
			dstPath = /usr/share/man/man1/;
			dstSubfolderSpec = 0;
			files = (
			);
			runOnlyForDeploymentPostprocessing = 1;
		};
/* End PBXCopyFilesBuildPhase section */

/* Begin PBXFileReference section */
		D32DBC2D2B9F4D6D00649C95 /* lab1-4 */ = {isa = PBXFileReference; explicitFileType = "compiled.mach-o.executable"; includeInIndex = 0; path = "lab1-4"; sourceTree = BUILT_PRODUCTS_DIR; };
		D32DBC2F2B9F4D6D00649C95 /* main.swift */ = {isa = PBXFileReference; lastKnownFileType = sourcecode.swift; path = main.swift; sourceTree = "<group>"; };
		D32DBC342B9F5D6B00649C95 /* fragment.swift */ = {isa = PBXFileReference; lastKnownFileType = sourcecode.swift; path = fragment.swift; sourceTree = "<group>"; };
		D32DBC362B9F5D8400649C95 /* position.swift */ = {isa = PBXFileReference; lastKnownFileType = sourcecode.swift; path = position.swift; sourceTree = "<group>"; };
		D32DBC382B9F5D8F00649C95 /* token.swift */ = {isa = PBXFileReference; lastKnownFileType = sourcecode.swift; path = token.swift; sourceTree = "<group>"; };
		D32DBC3A2B9F5D9A00649C95 /* domain-tag.swift */ = {isa = PBXFileReference; lastKnownFileType = sourcecode.swift; path = "domain-tag.swift"; sourceTree = "<group>"; };
		D32DBC3C2B9F5DA500649C95 /* scanner.swift */ = {isa = PBXFileReference; lastKnownFileType = sourcecode.swift; path = scanner.swift; sourceTree = "<group>"; };
		D32DBC3E2B9F5DB000649C95 /* compiler.swift */ = {isa = PBXFileReference; lastKnownFileType = sourcecode.swift; path = compiler.swift; sourceTree = "<group>"; };
		D32DBC402B9F5DBC00649C95 /* extensions.swift */ = {isa = PBXFileReference; lastKnownFileType = sourcecode.swift; path = extensions.swift; sourceTree = "<group>"; };
		D32DBC422B9F5DD300649C95 /* input.txt */ = {isa = PBXFileReference; lastKnownFileType = text; path = input.txt; sourceTree = "<group>"; };
		D32DBC452B9F5F3500649C95 /* fsm.swift */ = {isa = PBXFileReference; lastKnownFileType = sourcecode.swift; path = fsm.swift; sourceTree = "<group>"; };
		D32DBC472B9F5F5300649C95 /* fsm-state.swift */ = {isa = PBXFileReference; lastKnownFileType = sourcecode.swift; path = "fsm-state.swift"; sourceTree = "<group>"; };
		D32DBC492B9F61B100649C95 /* fsm-transition.swift */ = {isa = PBXFileReference; lastKnownFileType = sourcecode.swift; path = "fsm-transition.swift"; sourceTree = "<group>"; };
		D33E1C172B96177F0054A741 /* lab1-3 */ = {isa = PBXFileReference; explicitFileType = "compiled.mach-o.executable"; includeInIndex = 0; path = "lab1-3"; sourceTree = BUILT_PRODUCTS_DIR; };
		D33E1C192B96177F0054A741 /* main.swift */ = {isa = PBXFileReference; lastKnownFileType = sourcecode.swift; path = main.swift; sourceTree = "<group>"; };
		D33E1C1E2B96178E0054A741 /* input.txt */ = {isa = PBXFileReference; lastKnownFileType = text; path = input.txt; sourceTree = "<group>"; };
		D33E1C1F2B961B240054A741 /* fragment.swift */ = {isa = PBXFileReference; lastKnownFileType = sourcecode.swift; path = fragment.swift; sourceTree = "<group>"; };
		D33E1C212B961B380054A741 /* position.swift */ = {isa = PBXFileReference; lastKnownFileType = sourcecode.swift; path = position.swift; sourceTree = "<group>"; };
		D33E1C252B961C410054A741 /* token.swift */ = {isa = PBXFileReference; lastKnownFileType = sourcecode.swift; path = token.swift; sourceTree = "<group>"; };
		D33E1C292B961C770054A741 /* domain-tag.swift */ = {isa = PBXFileReference; lastKnownFileType = sourcecode.swift; path = "domain-tag.swift"; sourceTree = "<group>"; };
		D33E1C2D2B961CF10054A741 /* scanner.swift */ = {isa = PBXFileReference; lastKnownFileType = sourcecode.swift; path = scanner.swift; sourceTree = "<group>"; };
		D33E1C2F2B961D570054A741 /* compiler.swift */ = {isa = PBXFileReference; lastKnownFileType = sourcecode.swift; path = compiler.swift; sourceTree = "<group>"; };
		D33E1C352B9871E70054A741 /* extensions.swift */ = {isa = PBXFileReference; lastKnownFileType = sourcecode.swift; path = extensions.swift; sourceTree = "<group>"; };
		D345F87E2B8CDB42004CC315 /* lab1-2 */ = {isa = PBXFileReference; explicitFileType = "compiled.mach-o.executable"; includeInIndex = 0; path = "lab1-2"; sourceTree = BUILT_PRODUCTS_DIR; };
		D345F8802B8CDB42004CC315 /* main.swift */ = {isa = PBXFileReference; lastKnownFileType = sourcecode.swift; path = main.swift; sourceTree = "<group>"; };
		D345F8852B8CDCC2004CC315 /* input.txt */ = {isa = PBXFileReference; lastKnownFileType = text; path = input.txt; sourceTree = "<group>"; };
/* End PBXFileReference section */

/* Begin PBXFrameworksBuildPhase section */
		D32DBC2A2B9F4D6D00649C95 /* Frameworks */ = {
			isa = PBXFrameworksBuildPhase;
			buildActionMask = 2147483647;
			files = (
			);
			runOnlyForDeploymentPostprocessing = 0;
		};
		D33E1C142B96177F0054A741 /* Frameworks */ = {
			isa = PBXFrameworksBuildPhase;
			buildActionMask = 2147483647;
			files = (
			);
			runOnlyForDeploymentPostprocessing = 0;
		};
		D345F87B2B8CDB42004CC315 /* Frameworks */ = {
			isa = PBXFrameworksBuildPhase;
			buildActionMask = 2147483647;
			files = (
			);
			runOnlyForDeploymentPostprocessing = 0;
		};
/* End PBXFrameworksBuildPhase section */

/* Begin PBXGroup section */
		D32DBC2E2B9F4D6D00649C95 /* lab1-4 */ = {
			isa = PBXGroup;
			children = (
				D32DBC2F2B9F4D6D00649C95 /* main.swift */,
				D32DBC342B9F5D6B00649C95 /* fragment.swift */,
				D32DBC362B9F5D8400649C95 /* position.swift */,
				D32DBC382B9F5D8F00649C95 /* token.swift */,
				D32DBC3A2B9F5D9A00649C95 /* domain-tag.swift */,
				D32DBC3C2B9F5DA500649C95 /* scanner.swift */,
				D32DBC3E2B9F5DB000649C95 /* compiler.swift */,
				D32DBC402B9F5DBC00649C95 /* extensions.swift */,
				D32DBC422B9F5DD300649C95 /* input.txt */,
				D32DBC452B9F5F3500649C95 /* fsm.swift */,
				D32DBC472B9F5F5300649C95 /* fsm-state.swift */,
				D32DBC492B9F61B100649C95 /* fsm-transition.swift */,
			);
			path = "lab1-4";
			sourceTree = "<group>";
		};
		D33E1C182B96177F0054A741 /* lab1-3 */ = {
			isa = PBXGroup;
			children = (
				D33E1C192B96177F0054A741 /* main.swift */,
				D33E1C1E2B96178E0054A741 /* input.txt */,
				D33E1C1F2B961B240054A741 /* fragment.swift */,
				D33E1C212B961B380054A741 /* position.swift */,
				D33E1C252B961C410054A741 /* token.swift */,
				D33E1C292B961C770054A741 /* domain-tag.swift */,
				D33E1C2D2B961CF10054A741 /* scanner.swift */,
				D33E1C2F2B961D570054A741 /* compiler.swift */,
				D33E1C352B9871E70054A741 /* extensions.swift */,
			);
			path = "lab1-3";
			sourceTree = "<group>";
		};
		D345F87F2B8CDB42004CC315 /* lab1-2 */ = {
			isa = PBXGroup;
			children = (
				D345F8802B8CDB42004CC315 /* main.swift */,
				D345F8852B8CDCC2004CC315 /* input.txt */,
			);
			path = "lab1-2";
			sourceTree = "<group>";
		};
		D3C3B5C22B853A900095E724 = {
			isa = PBXGroup;
			children = (
				D345F87F2B8CDB42004CC315 /* lab1-2 */,
				D33E1C182B96177F0054A741 /* lab1-3 */,
				D32DBC2E2B9F4D6D00649C95 /* lab1-4 */,
				D3C3B5CE2B853AA70095E724 /* Products */,
			);
			sourceTree = "<group>";
		};
		D3C3B5CE2B853AA70095E724 /* Products */ = {
			isa = PBXGroup;
			children = (
				D345F87E2B8CDB42004CC315 /* lab1-2 */,
				D33E1C172B96177F0054A741 /* lab1-3 */,
				D32DBC2D2B9F4D6D00649C95 /* lab1-4 */,
			);
			name = Products;
			sourceTree = "<group>";
		};
/* End PBXGroup section */

/* Begin PBXNativeTarget section */
		D32DBC2C2B9F4D6D00649C95 /* lab1-4 */ = {
			isa = PBXNativeTarget;
			buildConfigurationList = D32DBC332B9F4D6D00649C95 /* Build configuration list for PBXNativeTarget "lab1-4" */;
			buildPhases = (
				D32DBC292B9F4D6D00649C95 /* Sources */,
				D32DBC2A2B9F4D6D00649C95 /* Frameworks */,
				D32DBC2B2B9F4D6D00649C95 /* CopyFiles */,
			);
			buildRules = (
			);
			dependencies = (
			);
			name = "lab1-4";
			productName = "lab1-4";
			productReference = D32DBC2D2B9F4D6D00649C95 /* lab1-4 */;
			productType = "com.apple.product-type.tool";
		};
		D33E1C162B96177F0054A741 /* lab1-3 */ = {
			isa = PBXNativeTarget;
			buildConfigurationList = D33E1C1D2B96177F0054A741 /* Build configuration list for PBXNativeTarget "lab1-3" */;
			buildPhases = (
				D33E1C132B96177F0054A741 /* Sources */,
				D33E1C142B96177F0054A741 /* Frameworks */,
				D33E1C152B96177F0054A741 /* CopyFiles */,
			);
			buildRules = (
			);
			dependencies = (
			);
			name = "lab1-3";
			productName = "lab1-3";
			productReference = D33E1C172B96177F0054A741 /* lab1-3 */;
			productType = "com.apple.product-type.tool";
		};
		D345F87D2B8CDB42004CC315 /* lab1-2 */ = {
			isa = PBXNativeTarget;
			buildConfigurationList = D345F8822B8CDB42004CC315 /* Build configuration list for PBXNativeTarget "lab1-2" */;
			buildPhases = (
				D345F87A2B8CDB42004CC315 /* Sources */,
				D345F87B2B8CDB42004CC315 /* Frameworks */,
				D345F87C2B8CDB42004CC315 /* CopyFiles */,
			);
			buildRules = (
			);
			dependencies = (
			);
			name = "lab1-2";
			productName = "lab1-2";
			productReference = D345F87E2B8CDB42004CC315 /* lab1-2 */;
			productType = "com.apple.product-type.tool";
		};
/* End PBXNativeTarget section */

/* Begin PBXProject section */
		D3C3B5C32B853A900095E724 /* Project object */ = {
			isa = PBXProject;
			attributes = {
				BuildIndependentTargetsInParallel = 1;
				LastSwiftUpdateCheck = 1520;
				LastUpgradeCheck = 1530;
				TargetAttributes = {
					D32DBC2C2B9F4D6D00649C95 = {
						CreatedOnToolsVersion = 15.2;
					};
					D33E1C162B96177F0054A741 = {
						CreatedOnToolsVersion = 15.2;
					};
					D345F87D2B8CDB42004CC315 = {
						CreatedOnToolsVersion = 15.2;
					};
				};
			};
			buildConfigurationList = D3C3B5C62B853A900095E724 /* Build configuration list for PBXProject "compilers_swift" */;
			compatibilityVersion = "Xcode 14.0";
			developmentRegion = en;
			hasScannedForEncodings = 0;
			knownRegions = (
				en,
				Base,
			);
			mainGroup = D3C3B5C22B853A900095E724;
			productRefGroup = D3C3B5CE2B853AA70095E724 /* Products */;
			projectDirPath = "";
			projectRoot = "";
			targets = (
				D345F87D2B8CDB42004CC315 /* lab1-2 */,
				D33E1C162B96177F0054A741 /* lab1-3 */,
				D32DBC2C2B9F4D6D00649C95 /* lab1-4 */,
			);
		};
/* End PBXProject section */

/* Begin PBXSourcesBuildPhase section */
		D32DBC292B9F4D6D00649C95 /* Sources */ = {
			isa = PBXSourcesBuildPhase;
			buildActionMask = 2147483647;
			files = (
				D32DBC3D2B9F5DA500649C95 /* scanner.swift in Sources */,
				D32DBC3B2B9F5D9A00649C95 /* domain-tag.swift in Sources */,
				D32DBC4A2B9F61B100649C95 /* fsm-transition.swift in Sources */,
				D32DBC482B9F5F5300649C95 /* fsm-state.swift in Sources */,
				D32DBC302B9F4D6D00649C95 /* main.swift in Sources */,
				D32DBC412B9F5DBC00649C95 /* extensions.swift in Sources */,
				D32DBC3F2B9F5DB000649C95 /* compiler.swift in Sources */,
				D32DBC462B9F5F3500649C95 /* fsm.swift in Sources */,
				D32DBC372B9F5D8400649C95 /* position.swift in Sources */,
				D32DBC352B9F5D6B00649C95 /* fragment.swift in Sources */,
				D32DBC392B9F5D8F00649C95 /* token.swift in Sources */,
			);
			runOnlyForDeploymentPostprocessing = 0;
		};
		D33E1C132B96177F0054A741 /* Sources */ = {
			isa = PBXSourcesBuildPhase;
			buildActionMask = 2147483647;
			files = (
				D33E1C262B961C410054A741 /* token.swift in Sources */,
				D33E1C1A2B96177F0054A741 /* main.swift in Sources */,
				D33E1C2A2B961C770054A741 /* domain-tag.swift in Sources */,
				D33E1C362B9871E70054A741 /* extensions.swift in Sources */,
				D33E1C302B961D570054A741 /* compiler.swift in Sources */,
				D33E1C222B961B380054A741 /* position.swift in Sources */,
				D33E1C202B961B240054A741 /* fragment.swift in Sources */,
				D33E1C2E2B961CF10054A741 /* scanner.swift in Sources */,
			);
			runOnlyForDeploymentPostprocessing = 0;
		};
		D345F87A2B8CDB42004CC315 /* Sources */ = {
			isa = PBXSourcesBuildPhase;
			buildActionMask = 2147483647;
			files = (
				D345F8812B8CDB42004CC315 /* main.swift in Sources */,
			);
			runOnlyForDeploymentPostprocessing = 0;
		};
/* End PBXSourcesBuildPhase section */

/* Begin XCBuildConfiguration section */
		D32DBC312B9F4D6D00649C95 /* Debug */ = {
			isa = XCBuildConfiguration;
			buildSettings = {
				ALWAYS_SEARCH_USER_PATHS = NO;
				ASSETCATALOG_COMPILER_GENERATE_SWIFT_ASSET_SYMBOL_EXTENSIONS = YES;
				CLANG_ANALYZER_NONNULL = YES;
				CLANG_ANALYZER_NUMBER_OBJECT_CONVERSION = YES_AGGRESSIVE;
				CLANG_CXX_LANGUAGE_STANDARD = "gnu++20";
				CLANG_ENABLE_MODULES = YES;
				CLANG_ENABLE_OBJC_ARC = YES;
				CLANG_ENABLE_OBJC_WEAK = YES;
				CLANG_WARN_BLOCK_CAPTURE_AUTORELEASING = YES;
				CLANG_WARN_BOOL_CONVERSION = YES;
				CLANG_WARN_COMMA = YES;
				CLANG_WARN_CONSTANT_CONVERSION = YES;
				CLANG_WARN_DEPRECATED_OBJC_IMPLEMENTATIONS = YES;
				CLANG_WARN_DIRECT_OBJC_ISA_USAGE = YES_ERROR;
				CLANG_WARN_DOCUMENTATION_COMMENTS = YES;
				CLANG_WARN_EMPTY_BODY = YES;
				CLANG_WARN_ENUM_CONVERSION = YES;
				CLANG_WARN_INFINITE_RECURSION = YES;
				CLANG_WARN_INT_CONVERSION = YES;
				CLANG_WARN_NON_LITERAL_NULL_CONVERSION = YES;
				CLANG_WARN_OBJC_IMPLICIT_RETAIN_SELF = YES;
				CLANG_WARN_OBJC_LITERAL_CONVERSION = YES;
				CLANG_WARN_OBJC_ROOT_CLASS = YES_ERROR;
				CLANG_WARN_QUOTED_INCLUDE_IN_FRAMEWORK_HEADER = YES;
				CLANG_WARN_RANGE_LOOP_ANALYSIS = YES;
				CLANG_WARN_STRICT_PROTOTYPES = YES;
				CLANG_WARN_SUSPICIOUS_MOVE = YES;
				CLANG_WARN_UNGUARDED_AVAILABILITY = YES_AGGRESSIVE;
				CLANG_WARN_UNREACHABLE_CODE = YES;
				CLANG_WARN__DUPLICATE_METHOD_MATCH = YES;
				CODE_SIGN_STYLE = Automatic;
				COPY_PHASE_STRIP = NO;
				DEAD_CODE_STRIPPING = YES;
				DEBUG_INFORMATION_FORMAT = dwarf;
				DEVELOPMENT_TEAM = V57K6D8W6N;
				ENABLE_HARDENED_RUNTIME = YES;
				ENABLE_STRICT_OBJC_MSGSEND = YES;
				ENABLE_TESTABILITY = YES;
				ENABLE_USER_SCRIPT_SANDBOXING = YES;
				GCC_C_LANGUAGE_STANDARD = gnu17;
				GCC_DYNAMIC_NO_PIC = NO;
				GCC_NO_COMMON_BLOCKS = YES;
				GCC_OPTIMIZATION_LEVEL = 0;
				GCC_PREPROCESSOR_DEFINITIONS = (
					"DEBUG=1",
					"$(inherited)",
				);
				GCC_WARN_64_TO_32_BIT_CONVERSION = YES;
				GCC_WARN_ABOUT_RETURN_TYPE = YES_ERROR;
				GCC_WARN_UNDECLARED_SELECTOR = YES;
				GCC_WARN_UNINITIALIZED_AUTOS = YES_AGGRESSIVE;
				GCC_WARN_UNUSED_FUNCTION = YES;
				GCC_WARN_UNUSED_VARIABLE = YES;
				LOCALIZATION_PREFERS_STRING_CATALOGS = YES;
				MACOSX_DEPLOYMENT_TARGET = 14.2;
				MTL_ENABLE_DEBUG_INFO = INCLUDE_SOURCE;
				MTL_FAST_MATH = YES;
				ONLY_ACTIVE_ARCH = YES;
				PRODUCT_NAME = "$(TARGET_NAME)";
				SDKROOT = macosx;
				SWIFT_ACTIVE_COMPILATION_CONDITIONS = "DEBUG $(inherited)";
				SWIFT_OPTIMIZATION_LEVEL = "-Onone";
				SWIFT_VERSION = 5.0;
			};
			name = Debug;
		};
		D32DBC322B9F4D6D00649C95 /* Release */ = {
			isa = XCBuildConfiguration;
			buildSettings = {
				ALWAYS_SEARCH_USER_PATHS = NO;
				ASSETCATALOG_COMPILER_GENERATE_SWIFT_ASSET_SYMBOL_EXTENSIONS = YES;
				CLANG_ANALYZER_NONNULL = YES;
				CLANG_ANALYZER_NUMBER_OBJECT_CONVERSION = YES_AGGRESSIVE;
				CLANG_CXX_LANGUAGE_STANDARD = "gnu++20";
				CLANG_ENABLE_MODULES = YES;
				CLANG_ENABLE_OBJC_ARC = YES;
				CLANG_ENABLE_OBJC_WEAK = YES;
				CLANG_WARN_BLOCK_CAPTURE_AUTORELEASING = YES;
				CLANG_WARN_BOOL_CONVERSION = YES;
				CLANG_WARN_COMMA = YES;
				CLANG_WARN_CONSTANT_CONVERSION = YES;
				CLANG_WARN_DEPRECATED_OBJC_IMPLEMENTATIONS = YES;
				CLANG_WARN_DIRECT_OBJC_ISA_USAGE = YES_ERROR;
				CLANG_WARN_DOCUMENTATION_COMMENTS = YES;
				CLANG_WARN_EMPTY_BODY = YES;
				CLANG_WARN_ENUM_CONVERSION = YES;
				CLANG_WARN_INFINITE_RECURSION = YES;
				CLANG_WARN_INT_CONVERSION = YES;
				CLANG_WARN_NON_LITERAL_NULL_CONVERSION = YES;
				CLANG_WARN_OBJC_IMPLICIT_RETAIN_SELF = YES;
				CLANG_WARN_OBJC_LITERAL_CONVERSION = YES;
				CLANG_WARN_OBJC_ROOT_CLASS = YES_ERROR;
				CLANG_WARN_QUOTED_INCLUDE_IN_FRAMEWORK_HEADER = YES;
				CLANG_WARN_RANGE_LOOP_ANALYSIS = YES;
				CLANG_WARN_STRICT_PROTOTYPES = YES;
				CLANG_WARN_SUSPICIOUS_MOVE = YES;
				CLANG_WARN_UNGUARDED_AVAILABILITY = YES_AGGRESSIVE;
				CLANG_WARN_UNREACHABLE_CODE = YES;
				CLANG_WARN__DUPLICATE_METHOD_MATCH = YES;
				CODE_SIGN_STYLE = Automatic;
				COPY_PHASE_STRIP = NO;
				DEAD_CODE_STRIPPING = YES;
				DEBUG_INFORMATION_FORMAT = "dwarf-with-dsym";
				DEVELOPMENT_TEAM = V57K6D8W6N;
				ENABLE_HARDENED_RUNTIME = YES;
				ENABLE_NS_ASSERTIONS = NO;
				ENABLE_STRICT_OBJC_MSGSEND = YES;
				ENABLE_USER_SCRIPT_SANDBOXING = YES;
				GCC_C_LANGUAGE_STANDARD = gnu17;
				GCC_NO_COMMON_BLOCKS = YES;
				GCC_WARN_64_TO_32_BIT_CONVERSION = YES;
				GCC_WARN_ABOUT_RETURN_TYPE = YES_ERROR;
				GCC_WARN_UNDECLARED_SELECTOR = YES;
				GCC_WARN_UNINITIALIZED_AUTOS = YES_AGGRESSIVE;
				GCC_WARN_UNUSED_FUNCTION = YES;
				GCC_WARN_UNUSED_VARIABLE = YES;
				LOCALIZATION_PREFERS_STRING_CATALOGS = YES;
				MACOSX_DEPLOYMENT_TARGET = 14.2;
				MTL_ENABLE_DEBUG_INFO = NO;
				MTL_FAST_MATH = YES;
				PRODUCT_NAME = "$(TARGET_NAME)";
				SDKROOT = macosx;
				SWIFT_COMPILATION_MODE = wholemodule;
				SWIFT_VERSION = 5.0;
			};
			name = Release;
		};
		D33E1C1B2B96177F0054A741 /* Debug */ = {
			isa = XCBuildConfiguration;
			buildSettings = {
				ALWAYS_SEARCH_USER_PATHS = NO;
				ASSETCATALOG_COMPILER_GENERATE_SWIFT_ASSET_SYMBOL_EXTENSIONS = YES;
				CLANG_ANALYZER_NONNULL = YES;
				CLANG_ANALYZER_NUMBER_OBJECT_CONVERSION = YES_AGGRESSIVE;
				CLANG_CXX_LANGUAGE_STANDARD = "gnu++20";
				CLANG_ENABLE_MODULES = YES;
				CLANG_ENABLE_OBJC_ARC = YES;
				CLANG_ENABLE_OBJC_WEAK = YES;
				CLANG_WARN_BLOCK_CAPTURE_AUTORELEASING = YES;
				CLANG_WARN_BOOL_CONVERSION = YES;
				CLANG_WARN_COMMA = YES;
				CLANG_WARN_CONSTANT_CONVERSION = YES;
				CLANG_WARN_DEPRECATED_OBJC_IMPLEMENTATIONS = YES;
				CLANG_WARN_DIRECT_OBJC_ISA_USAGE = YES_ERROR;
				CLANG_WARN_DOCUMENTATION_COMMENTS = YES;
				CLANG_WARN_EMPTY_BODY = YES;
				CLANG_WARN_ENUM_CONVERSION = YES;
				CLANG_WARN_INFINITE_RECURSION = YES;
				CLANG_WARN_INT_CONVERSION = YES;
				CLANG_WARN_NON_LITERAL_NULL_CONVERSION = YES;
				CLANG_WARN_OBJC_IMPLICIT_RETAIN_SELF = YES;
				CLANG_WARN_OBJC_LITERAL_CONVERSION = YES;
				CLANG_WARN_OBJC_ROOT_CLASS = YES_ERROR;
				CLANG_WARN_QUOTED_INCLUDE_IN_FRAMEWORK_HEADER = YES;
				CLANG_WARN_RANGE_LOOP_ANALYSIS = YES;
				CLANG_WARN_STRICT_PROTOTYPES = YES;
				CLANG_WARN_SUSPICIOUS_MOVE = YES;
				CLANG_WARN_UNGUARDED_AVAILABILITY = YES_AGGRESSIVE;
				CLANG_WARN_UNREACHABLE_CODE = YES;
				CLANG_WARN__DUPLICATE_METHOD_MATCH = YES;
				CODE_SIGN_STYLE = Automatic;
				COPY_PHASE_STRIP = NO;
				DEAD_CODE_STRIPPING = YES;
				DEBUG_INFORMATION_FORMAT = dwarf;
				DEVELOPMENT_TEAM = V57K6D8W6N;
				ENABLE_HARDENED_RUNTIME = YES;
				ENABLE_STRICT_OBJC_MSGSEND = YES;
				ENABLE_TESTABILITY = YES;
				ENABLE_USER_SCRIPT_SANDBOXING = YES;
				GCC_C_LANGUAGE_STANDARD = gnu17;
				GCC_DYNAMIC_NO_PIC = NO;
				GCC_NO_COMMON_BLOCKS = YES;
				GCC_OPTIMIZATION_LEVEL = 0;
				GCC_PREPROCESSOR_DEFINITIONS = (
					"DEBUG=1",
					"$(inherited)",
				);
				GCC_WARN_64_TO_32_BIT_CONVERSION = YES;
				GCC_WARN_ABOUT_RETURN_TYPE = YES_ERROR;
				GCC_WARN_UNDECLARED_SELECTOR = YES;
				GCC_WARN_UNINITIALIZED_AUTOS = YES_AGGRESSIVE;
				GCC_WARN_UNUSED_FUNCTION = YES;
				GCC_WARN_UNUSED_VARIABLE = YES;
				LOCALIZATION_PREFERS_STRING_CATALOGS = YES;
				MACOSX_DEPLOYMENT_TARGET = 14.2;
				MTL_ENABLE_DEBUG_INFO = INCLUDE_SOURCE;
				MTL_FAST_MATH = YES;
				ONLY_ACTIVE_ARCH = YES;
				PRODUCT_NAME = "$(TARGET_NAME)";
				SDKROOT = macosx;
				SWIFT_ACTIVE_COMPILATION_CONDITIONS = "DEBUG $(inherited)";
				SWIFT_OPTIMIZATION_LEVEL = "-Onone";
				SWIFT_VERSION = 5.0;
			};
			name = Debug;
		};
		D33E1C1C2B96177F0054A741 /* Release */ = {
			isa = XCBuildConfiguration;
			buildSettings = {
				ALWAYS_SEARCH_USER_PATHS = NO;
				ASSETCATALOG_COMPILER_GENERATE_SWIFT_ASSET_SYMBOL_EXTENSIONS = YES;
				CLANG_ANALYZER_NONNULL = YES;
				CLANG_ANALYZER_NUMBER_OBJECT_CONVERSION = YES_AGGRESSIVE;
				CLANG_CXX_LANGUAGE_STANDARD = "gnu++20";
				CLANG_ENABLE_MODULES = YES;
				CLANG_ENABLE_OBJC_ARC = YES;
				CLANG_ENABLE_OBJC_WEAK = YES;
				CLANG_WARN_BLOCK_CAPTURE_AUTORELEASING = YES;
				CLANG_WARN_BOOL_CONVERSION = YES;
				CLANG_WARN_COMMA = YES;
				CLANG_WARN_CONSTANT_CONVERSION = YES;
				CLANG_WARN_DEPRECATED_OBJC_IMPLEMENTATIONS = YES;
				CLANG_WARN_DIRECT_OBJC_ISA_USAGE = YES_ERROR;
				CLANG_WARN_DOCUMENTATION_COMMENTS = YES;
				CLANG_WARN_EMPTY_BODY = YES;
				CLANG_WARN_ENUM_CONVERSION = YES;
				CLANG_WARN_INFINITE_RECURSION = YES;
				CLANG_WARN_INT_CONVERSION = YES;
				CLANG_WARN_NON_LITERAL_NULL_CONVERSION = YES;
				CLANG_WARN_OBJC_IMPLICIT_RETAIN_SELF = YES;
				CLANG_WARN_OBJC_LITERAL_CONVERSION = YES;
				CLANG_WARN_OBJC_ROOT_CLASS = YES_ERROR;
				CLANG_WARN_QUOTED_INCLUDE_IN_FRAMEWORK_HEADER = YES;
				CLANG_WARN_RANGE_LOOP_ANALYSIS = YES;
				CLANG_WARN_STRICT_PROTOTYPES = YES;
				CLANG_WARN_SUSPICIOUS_MOVE = YES;
				CLANG_WARN_UNGUARDED_AVAILABILITY = YES_AGGRESSIVE;
				CLANG_WARN_UNREACHABLE_CODE = YES;
				CLANG_WARN__DUPLICATE_METHOD_MATCH = YES;
				CODE_SIGN_STYLE = Automatic;
				COPY_PHASE_STRIP = NO;
				DEAD_CODE_STRIPPING = YES;
				DEBUG_INFORMATION_FORMAT = "dwarf-with-dsym";
				DEVELOPMENT_TEAM = V57K6D8W6N;
				ENABLE_HARDENED_RUNTIME = YES;
				ENABLE_NS_ASSERTIONS = NO;
				ENABLE_STRICT_OBJC_MSGSEND = YES;
				ENABLE_USER_SCRIPT_SANDBOXING = YES;
				GCC_C_LANGUAGE_STANDARD = gnu17;
				GCC_NO_COMMON_BLOCKS = YES;
				GCC_WARN_64_TO_32_BIT_CONVERSION = YES;
				GCC_WARN_ABOUT_RETURN_TYPE = YES_ERROR;
				GCC_WARN_UNDECLARED_SELECTOR = YES;
				GCC_WARN_UNINITIALIZED_AUTOS = YES_AGGRESSIVE;
				GCC_WARN_UNUSED_FUNCTION = YES;
				GCC_WARN_UNUSED_VARIABLE = YES;
				LOCALIZATION_PREFERS_STRING_CATALOGS = YES;
				MACOSX_DEPLOYMENT_TARGET = 14.2;
				MTL_ENABLE_DEBUG_INFO = NO;
				MTL_FAST_MATH = YES;
				PRODUCT_NAME = "$(TARGET_NAME)";
				SDKROOT = macosx;
				SWIFT_COMPILATION_MODE = wholemodule;
				SWIFT_VERSION = 5.0;
			};
			name = Release;
		};
		D345F8832B8CDB42004CC315 /* Debug */ = {
			isa = XCBuildConfiguration;
			buildSettings = {
				ALWAYS_SEARCH_USER_PATHS = NO;
				ASSETCATALOG_COMPILER_GENERATE_SWIFT_ASSET_SYMBOL_EXTENSIONS = YES;
				CLANG_ANALYZER_NONNULL = YES;
				CLANG_ANALYZER_NUMBER_OBJECT_CONVERSION = YES_AGGRESSIVE;
				CLANG_CXX_LANGUAGE_STANDARD = "gnu++20";
				CLANG_ENABLE_MODULES = YES;
				CLANG_ENABLE_OBJC_ARC = YES;
				CLANG_ENABLE_OBJC_WEAK = YES;
				CLANG_WARN_BLOCK_CAPTURE_AUTORELEASING = YES;
				CLANG_WARN_BOOL_CONVERSION = YES;
				CLANG_WARN_COMMA = YES;
				CLANG_WARN_CONSTANT_CONVERSION = YES;
				CLANG_WARN_DEPRECATED_OBJC_IMPLEMENTATIONS = YES;
				CLANG_WARN_DIRECT_OBJC_ISA_USAGE = YES_ERROR;
				CLANG_WARN_DOCUMENTATION_COMMENTS = YES;
				CLANG_WARN_EMPTY_BODY = YES;
				CLANG_WARN_ENUM_CONVERSION = YES;
				CLANG_WARN_INFINITE_RECURSION = YES;
				CLANG_WARN_INT_CONVERSION = YES;
				CLANG_WARN_NON_LITERAL_NULL_CONVERSION = YES;
				CLANG_WARN_OBJC_IMPLICIT_RETAIN_SELF = YES;
				CLANG_WARN_OBJC_LITERAL_CONVERSION = YES;
				CLANG_WARN_OBJC_ROOT_CLASS = YES_ERROR;
				CLANG_WARN_QUOTED_INCLUDE_IN_FRAMEWORK_HEADER = YES;
				CLANG_WARN_RANGE_LOOP_ANALYSIS = YES;
				CLANG_WARN_STRICT_PROTOTYPES = YES;
				CLANG_WARN_SUSPICIOUS_MOVE = YES;
				CLANG_WARN_UNGUARDED_AVAILABILITY = YES_AGGRESSIVE;
				CLANG_WARN_UNREACHABLE_CODE = YES;
				CLANG_WARN__DUPLICATE_METHOD_MATCH = YES;
				CODE_SIGN_STYLE = Automatic;
				COPY_PHASE_STRIP = NO;
				DEAD_CODE_STRIPPING = YES;
				DEBUG_INFORMATION_FORMAT = dwarf;
				DEVELOPMENT_TEAM = V57K6D8W6N;
				ENABLE_HARDENED_RUNTIME = YES;
				ENABLE_STRICT_OBJC_MSGSEND = YES;
				ENABLE_TESTABILITY = YES;
				ENABLE_USER_SCRIPT_SANDBOXING = YES;
				GCC_C_LANGUAGE_STANDARD = gnu17;
				GCC_DYNAMIC_NO_PIC = NO;
				GCC_NO_COMMON_BLOCKS = YES;
				GCC_OPTIMIZATION_LEVEL = 0;
				GCC_PREPROCESSOR_DEFINITIONS = (
					"DEBUG=1",
					"$(inherited)",
				);
				GCC_WARN_64_TO_32_BIT_CONVERSION = YES;
				GCC_WARN_ABOUT_RETURN_TYPE = YES_ERROR;
				GCC_WARN_UNDECLARED_SELECTOR = YES;
				GCC_WARN_UNINITIALIZED_AUTOS = YES_AGGRESSIVE;
				GCC_WARN_UNUSED_FUNCTION = YES;
				GCC_WARN_UNUSED_VARIABLE = YES;
				LOCALIZATION_PREFERS_STRING_CATALOGS = YES;
				MACOSX_DEPLOYMENT_TARGET = 14.2;
				MTL_ENABLE_DEBUG_INFO = INCLUDE_SOURCE;
				MTL_FAST_MATH = YES;
				ONLY_ACTIVE_ARCH = YES;
				PRODUCT_NAME = "$(TARGET_NAME)";
				SDKROOT = macosx;
				SWIFT_ACTIVE_COMPILATION_CONDITIONS = "DEBUG $(inherited)";
				SWIFT_OPTIMIZATION_LEVEL = "-Onone";
				SWIFT_VERSION = 5.0;
			};
			name = Debug;
		};
		D345F8842B8CDB42004CC315 /* Release */ = {
			isa = XCBuildConfiguration;
			buildSettings = {
				ALWAYS_SEARCH_USER_PATHS = NO;
				ASSETCATALOG_COMPILER_GENERATE_SWIFT_ASSET_SYMBOL_EXTENSIONS = YES;
				CLANG_ANALYZER_NONNULL = YES;
				CLANG_ANALYZER_NUMBER_OBJECT_CONVERSION = YES_AGGRESSIVE;
				CLANG_CXX_LANGUAGE_STANDARD = "gnu++20";
				CLANG_ENABLE_MODULES = YES;
				CLANG_ENABLE_OBJC_ARC = YES;
				CLANG_ENABLE_OBJC_WEAK = YES;
				CLANG_WARN_BLOCK_CAPTURE_AUTORELEASING = YES;
				CLANG_WARN_BOOL_CONVERSION = YES;
				CLANG_WARN_COMMA = YES;
				CLANG_WARN_CONSTANT_CONVERSION = YES;
				CLANG_WARN_DEPRECATED_OBJC_IMPLEMENTATIONS = YES;
				CLANG_WARN_DIRECT_OBJC_ISA_USAGE = YES_ERROR;
				CLANG_WARN_DOCUMENTATION_COMMENTS = YES;
				CLANG_WARN_EMPTY_BODY = YES;
				CLANG_WARN_ENUM_CONVERSION = YES;
				CLANG_WARN_INFINITE_RECURSION = YES;
				CLANG_WARN_INT_CONVERSION = YES;
				CLANG_WARN_NON_LITERAL_NULL_CONVERSION = YES;
				CLANG_WARN_OBJC_IMPLICIT_RETAIN_SELF = YES;
				CLANG_WARN_OBJC_LITERAL_CONVERSION = YES;
				CLANG_WARN_OBJC_ROOT_CLASS = YES_ERROR;
				CLANG_WARN_QUOTED_INCLUDE_IN_FRAMEWORK_HEADER = YES;
				CLANG_WARN_RANGE_LOOP_ANALYSIS = YES;
				CLANG_WARN_STRICT_PROTOTYPES = YES;
				CLANG_WARN_SUSPICIOUS_MOVE = YES;
				CLANG_WARN_UNGUARDED_AVAILABILITY = YES_AGGRESSIVE;
				CLANG_WARN_UNREACHABLE_CODE = YES;
				CLANG_WARN__DUPLICATE_METHOD_MATCH = YES;
				CODE_SIGN_STYLE = Automatic;
				COPY_PHASE_STRIP = NO;
				DEAD_CODE_STRIPPING = YES;
				DEBUG_INFORMATION_FORMAT = "dwarf-with-dsym";
				DEVELOPMENT_TEAM = V57K6D8W6N;
				ENABLE_HARDENED_RUNTIME = YES;
				ENABLE_NS_ASSERTIONS = NO;
				ENABLE_STRICT_OBJC_MSGSEND = YES;
				ENABLE_USER_SCRIPT_SANDBOXING = YES;
				GCC_C_LANGUAGE_STANDARD = gnu17;
				GCC_NO_COMMON_BLOCKS = YES;
				GCC_WARN_64_TO_32_BIT_CONVERSION = YES;
				GCC_WARN_ABOUT_RETURN_TYPE = YES_ERROR;
				GCC_WARN_UNDECLARED_SELECTOR = YES;
				GCC_WARN_UNINITIALIZED_AUTOS = YES_AGGRESSIVE;
				GCC_WARN_UNUSED_FUNCTION = YES;
				GCC_WARN_UNUSED_VARIABLE = YES;
				LOCALIZATION_PREFERS_STRING_CATALOGS = YES;
				MACOSX_DEPLOYMENT_TARGET = 14.2;
				MTL_ENABLE_DEBUG_INFO = NO;
				MTL_FAST_MATH = YES;
				PRODUCT_NAME = "$(TARGET_NAME)";
				SDKROOT = macosx;
				SWIFT_COMPILATION_MODE = wholemodule;
				SWIFT_VERSION = 5.0;
			};
			name = Release;
		};
		D3C3B5C72B853A900095E724 /* Debug */ = {
			isa = XCBuildConfiguration;
			buildSettings = {
				CLANG_WARN_BLOCK_CAPTURE_AUTORELEASING = YES;
				CLANG_WARN_BOOL_CONVERSION = YES;
				CLANG_WARN_COMMA = YES;
				CLANG_WARN_CONSTANT_CONVERSION = YES;
				CLANG_WARN_DEPRECATED_OBJC_IMPLEMENTATIONS = YES;
				CLANG_WARN_EMPTY_BODY = YES;
				CLANG_WARN_ENUM_CONVERSION = YES;
				CLANG_WARN_INFINITE_RECURSION = YES;
				CLANG_WARN_INT_CONVERSION = YES;
				CLANG_WARN_NON_LITERAL_NULL_CONVERSION = YES;
				CLANG_WARN_OBJC_IMPLICIT_RETAIN_SELF = YES;
				CLANG_WARN_OBJC_LITERAL_CONVERSION = YES;
				CLANG_WARN_QUOTED_INCLUDE_IN_FRAMEWORK_HEADER = YES;
				CLANG_WARN_RANGE_LOOP_ANALYSIS = YES;
				CLANG_WARN_STRICT_PROTOTYPES = YES;
				CLANG_WARN_SUSPICIOUS_MOVE = YES;
				CLANG_WARN_UNREACHABLE_CODE = YES;
				CLANG_WARN__DUPLICATE_METHOD_MATCH = YES;
				DEAD_CODE_STRIPPING = YES;
				ENABLE_STRICT_OBJC_MSGSEND = YES;
				ENABLE_TESTABILITY = YES;
				GCC_NO_COMMON_BLOCKS = YES;
				GCC_WARN_64_TO_32_BIT_CONVERSION = YES;
				GCC_WARN_ABOUT_RETURN_TYPE = YES;
				GCC_WARN_UNDECLARED_SELECTOR = YES;
				GCC_WARN_UNINITIALIZED_AUTOS = YES;
				GCC_WARN_UNUSED_FUNCTION = YES;
				GCC_WARN_UNUSED_VARIABLE = YES;
				ONLY_ACTIVE_ARCH = YES;
			};
			name = Debug;
		};
		D3C3B5C82B853A900095E724 /* Release */ = {
			isa = XCBuildConfiguration;
			buildSettings = {
				CLANG_WARN_BLOCK_CAPTURE_AUTORELEASING = YES;
				CLANG_WARN_BOOL_CONVERSION = YES;
				CLANG_WARN_COMMA = YES;
				CLANG_WARN_CONSTANT_CONVERSION = YES;
				CLANG_WARN_DEPRECATED_OBJC_IMPLEMENTATIONS = YES;
				CLANG_WARN_EMPTY_BODY = YES;
				CLANG_WARN_ENUM_CONVERSION = YES;
				CLANG_WARN_INFINITE_RECURSION = YES;
				CLANG_WARN_INT_CONVERSION = YES;
				CLANG_WARN_NON_LITERAL_NULL_CONVERSION = YES;
				CLANG_WARN_OBJC_IMPLICIT_RETAIN_SELF = YES;
				CLANG_WARN_OBJC_LITERAL_CONVERSION = YES;
				CLANG_WARN_QUOTED_INCLUDE_IN_FRAMEWORK_HEADER = YES;
				CLANG_WARN_RANGE_LOOP_ANALYSIS = YES;
				CLANG_WARN_STRICT_PROTOTYPES = YES;
				CLANG_WARN_SUSPICIOUS_MOVE = YES;
				CLANG_WARN_UNREACHABLE_CODE = YES;
				CLANG_WARN__DUPLICATE_METHOD_MATCH = YES;
				DEAD_CODE_STRIPPING = YES;
				ENABLE_STRICT_OBJC_MSGSEND = YES;
				GCC_NO_COMMON_BLOCKS = YES;
				GCC_WARN_64_TO_32_BIT_CONVERSION = YES;
				GCC_WARN_ABOUT_RETURN_TYPE = YES;
				GCC_WARN_UNDECLARED_SELECTOR = YES;
				GCC_WARN_UNINITIALIZED_AUTOS = YES;
				GCC_WARN_UNUSED_FUNCTION = YES;
				GCC_WARN_UNUSED_VARIABLE = YES;
			};
			name = Release;
		};
/* End XCBuildConfiguration section */

/* Begin XCConfigurationList section */
		D32DBC332B9F4D6D00649C95 /* Build configuration list for PBXNativeTarget "lab1-4" */ = {
			isa = XCConfigurationList;
			buildConfigurations = (
				D32DBC312B9F4D6D00649C95 /* Debug */,
				D32DBC322B9F4D6D00649C95 /* Release */,
			);
			defaultConfigurationIsVisible = 0;
			defaultConfigurationName = Release;
		};
		D33E1C1D2B96177F0054A741 /* Build configuration list for PBXNativeTarget "lab1-3" */ = {
			isa = XCConfigurationList;
			buildConfigurations = (
				D33E1C1B2B96177F0054A741 /* Debug */,
				D33E1C1C2B96177F0054A741 /* Release */,
			);
			defaultConfigurationIsVisible = 0;
			defaultConfigurationName = Release;
		};
		D345F8822B8CDB42004CC315 /* Build configuration list for PBXNativeTarget "lab1-2" */ = {
			isa = XCConfigurationList;
			buildConfigurations = (
				D345F8832B8CDB42004CC315 /* Debug */,
				D345F8842B8CDB42004CC315 /* Release */,
			);
			defaultConfigurationIsVisible = 0;
			defaultConfigurationName = Release;
		};
		D3C3B5C62B853A900095E724 /* Build configuration list for PBXProject "compilers_swift" */ = {
			isa = XCConfigurationList;
			buildConfigurations = (
				D3C3B5C72B853A900095E724 /* Debug */,
				D3C3B5C82B853A900095E724 /* Release */,
			);
			defaultConfigurationIsVisible = 0;
			defaultConfigurationName = Release;
		};
/* End XCConfigurationList section */
	};
	rootObject = D3C3B5C32B853A900095E724 /* Project object */;
}
